// !$*UTF8*$!
{
	archiveVersion = 1;
	classes = {
	};
	objectVersion = 46;
	objects = {

/* Begin PBXBuildFile section */
		924C6660142D1A59002F8F45 /* libbgdrtm.dylib in Frameworks */ = {isa = PBXBuildFile; fileRef = 924C665E142D1A59002F8F45 /* libbgdrtm.dylib */; };
		924C6661142D1A59002F8F45 /* SDL.framework in Frameworks */ = {isa = PBXBuildFile; fileRef = 924C665F142D1A59002F8F45 /* SDL.framework */; };
		924C6663142D1A76002F8F45 /* libjoy.c in Sources */ = {isa = PBXBuildFile; fileRef = 924C6662142D1A76002F8F45 /* libjoy.c */; };
/* End PBXBuildFile section */

/* Begin PBXFileReference section */
		924C6657142D19FE002F8F45 /* libjoy.dylib */ = {isa = PBXFileReference; explicitFileType = "compiled.mach-o.dylib"; includeInIndex = 0; path = libjoy.dylib; sourceTree = BUILT_PRODUCTS_DIR; };
		924C665E142D1A59002F8F45 /* libbgdrtm.dylib */ = {isa = PBXFileReference; lastKnownFileType = "compiled.mach-o.dylib"; name = libbgdrtm.dylib; path = "../../../../../../Library/Developer/Xcode/DerivedData/BennuGD-cadtqqqxurunkidxrlgrcnpqnpyn/Build/Products/Debug/libbgdrtm.dylib"; sourceTree = "<group>"; };
		924C665F142D1A59002F8F45 /* SDL.framework */ = {isa = PBXFileReference; lastKnownFileType = wrapper.framework; name = SDL.framework; path = "../../../../../../Library/Developer/Xcode/DerivedData/BennuGD-cadtqqqxurunkidxrlgrcnpqnpyn/Build/Products/Default/SDL.framework"; sourceTree = "<group>"; };
		924C6662142D1A76002F8F45 /* libjoy.c */ = {isa = PBXFileReference; fileEncoding = 4; lastKnownFileType = sourcecode.c.c; name = libjoy.c; path = ../../../modules/libjoy/libjoy.c; sourceTree = "<group>"; };
/* End PBXFileReference section */

/* Begin PBXFrameworksBuildPhase section */
		924C6654142D19FE002F8F45 /* Frameworks */ = {
			isa = PBXFrameworksBuildPhase;
			buildActionMask = 2147483647;
			files = (
				924C6660142D1A59002F8F45 /* libbgdrtm.dylib in Frameworks */,
				924C6661142D1A59002F8F45 /* SDL.framework in Frameworks */,
			);
			runOnlyForDeploymentPostprocessing = 0;
		};
/* End PBXFrameworksBuildPhase section */

/* Begin PBXGroup section */
		924C664C142D19FE002F8F45 = {
			isa = PBXGroup;
			children = (
				924C6664142D1B4A002F8F45 /* Sources */,
				924C6658142D19FE002F8F45 /* Products */,
				924C665F142D1A59002F8F45 /* SDL.framework */,
				924C665E142D1A59002F8F45 /* libbgdrtm.dylib */,
			);
			sourceTree = "<group>";
		};
		924C6658142D19FE002F8F45 /* Products */ = {
			isa = PBXGroup;
			children = (
				924C6657142D19FE002F8F45 /* libjoy.dylib */,
			);
			name = Products;
			sourceTree = "<group>";
		};
		924C6664142D1B4A002F8F45 /* Sources */ = {
			isa = PBXGroup;
			children = (
				924C6662142D1A76002F8F45 /* libjoy.c */,
			);
			name = Sources;
			sourceTree = "<group>";
		};
/* End PBXGroup section */

/* Begin PBXHeadersBuildPhase section */
		924C6655142D19FE002F8F45 /* Headers */ = {
			isa = PBXHeadersBuildPhase;
			buildActionMask = 2147483647;
			files = (
			);
			runOnlyForDeploymentPostprocessing = 0;
		};
/* End PBXHeadersBuildPhase section */

/* Begin PBXNativeTarget section */
		924C6656142D19FE002F8F45 /* libjoy */ = {
			isa = PBXNativeTarget;
			buildConfigurationList = 924C665B142D19FE002F8F45 /* Build configuration list for PBXNativeTarget "libjoy" */;
			buildPhases = (
				924C6653142D19FE002F8F45 /* Sources */,
				924C6654142D19FE002F8F45 /* Frameworks */,
				924C6655142D19FE002F8F45 /* Headers */,
			);
			buildRules = (
			);
			dependencies = (
			);
			name = libjoy;
			productName = libjoy;
			productReference = 924C6657142D19FE002F8F45 /* libjoy.dylib */;
			productType = "com.apple.product-type.library.dynamic";
		};
/* End PBXNativeTarget section */

/* Begin PBXProject section */
		924C664E142D19FE002F8F45 /* Project object */ = {
			isa = PBXProject;
			attributes = {
				LastUpgradeCheck = 0420;
			};
			buildConfigurationList = 924C6651142D19FE002F8F45 /* Build configuration list for PBXProject "libjoy" */;
			compatibilityVersion = "Xcode 3.2";
			developmentRegion = English;
			hasScannedForEncodings = 0;
			knownRegions = (
				en,
			);
			mainGroup = 924C664C142D19FE002F8F45;
			productRefGroup = 924C6658142D19FE002F8F45 /* Products */;
			projectDirPath = "";
			projectRoot = "";
			targets = (
				924C6656142D19FE002F8F45 /* libjoy */,
			);
		};
/* End PBXProject section */

/* Begin PBXSourcesBuildPhase section */
		924C6653142D19FE002F8F45 /* Sources */ = {
			isa = PBXSourcesBuildPhase;
			buildActionMask = 2147483647;
			files = (
				924C6663142D1A76002F8F45 /* libjoy.c in Sources */,
			);
			runOnlyForDeploymentPostprocessing = 0;
		};
/* End PBXSourcesBuildPhase section */

/* Begin XCBuildConfiguration section */
		924C6659142D19FE002F8F45 /* Debug */ = {
			isa = XCBuildConfiguration;
			buildSettings = {
				ALWAYS_SEARCH_USER_PATHS = NO;
				ARCHS = "$(ARCHS_STANDARD_32_BIT)";
				COPY_PHASE_STRIP = NO;
				GCC_C_LANGUAGE_STANDARD = gnu99;
				GCC_DYNAMIC_NO_PIC = NO;
				GCC_ENABLE_OBJC_EXCEPTIONS = YES;
				GCC_OPTIMIZATION_LEVEL = 0;
				GCC_PREPROCESSOR_DEFINITIONS = TARGET_MAC;
				GCC_SYMBOLS_PRIVATE_EXTERN = NO;
				GCC_VERSION = com.apple.compilers.llvm.clang.1_0;
				GCC_WARN_64_TO_32_BIT_CONVERSION = YES;
				GCC_WARN_ABOUT_MISSING_PROTOTYPES = YES;
				GCC_WARN_ABOUT_RETURN_TYPE = YES;
				GCC_WARN_UNUSED_VARIABLE = YES;
				HEADER_SEARCH_PATHS = (
					../../../core/include,
					../../../core/bgdrtm/include,
					"../../../3rdparty/SDL-1.3/src/include/",
				);
				MACOSX_DEPLOYMENT_TARGET = 10.7;
				ONLY_ACTIVE_ARCH = YES;
				SDKROOT = macosx;
				VALID_ARCHS = i386;
			};
			name = Debug;
		};
		924C665A142D19FE002F8F45 /* Release */ = {
			isa = XCBuildConfiguration;
			buildSettings = {
				ALWAYS_SEARCH_USER_PATHS = NO;
				ARCHS = "$(ARCHS_STANDARD_32_BIT)";
				COPY_PHASE_STRIP = YES;
				DEBUG_INFORMATION_FORMAT = "dwarf-with-dsym";
				GCC_C_LANGUAGE_STANDARD = gnu99;
				GCC_ENABLE_OBJC_EXCEPTIONS = YES;
				GCC_PREPROCESSOR_DEFINITIONS = TARGET_MAC;
				GCC_VERSION = com.apple.compilers.llvm.clang.1_0;
				GCC_WARN_64_TO_32_BIT_CONVERSION = YES;
				GCC_WARN_ABOUT_MISSING_PROTOTYPES = YES;
				GCC_WARN_ABOUT_RETURN_TYPE = YES;
				GCC_WARN_UNUSED_VARIABLE = YES;
				HEADER_SEARCH_PATHS = (
					../../../core/include,
					../../../core/bgdrtm/include,
					"../../../3rdparty/SDL-1.3/src/include/",
				);
				MACOSX_DEPLOYMENT_TARGET = 10.7;
				SDKROOT = macosx;
				VALID_ARCHS = i386;
			};
			name = Release;
		};
		924C665C142D19FE002F8F45 /* Debug */ = {
			isa = XCBuildConfiguration;
			buildSettings = {
				EXECUTABLE_PREFIX = "";
				FRAMEWORK_SEARCH_PATHS = (
					"$(inherited)",
					"\"$(SRCROOT)/../../../../../../Library/Developer/Xcode/DerivedData/BennuGD-cadtqqqxurunkidxrlgrcnpqnpyn/Build/Products/Default\"",
				);
				LIBRARY_SEARCH_PATHS = (
					"$(inherited)",
					"\"$(SRCROOT)/../../../../../../Library/Developer/Xcode/DerivedData/BennuGD-cadtqqqxurunkidxrlgrcnpqnpyn/Build/Products/Debug\"",
				);
				PRODUCT_NAME = "$(TARGET_NAME)";
			};
			name = Debug;
		};
		924C665D142D19FE002F8F45 /* Release */ = {
			isa = XCBuildConfiguration;
			buildSettings = {
				EXECUTABLE_PREFIX = "";
				FRAMEWORK_SEARCH_PATHS = (
					"$(inherited)",
					"\"$(SRCROOT)/../../../../../../Library/Developer/Xcode/DerivedData/BennuGD-cadtqqqxurunkidxrlgrcnpqnpyn/Build/Products/Default\"",
				);
				LIBRARY_SEARCH_PATHS = (
					"$(inherited)",
					"\"$(SRCROOT)/../../../../../../Library/Developer/Xcode/DerivedData/BennuGD-cadtqqqxurunkidxrlgrcnpqnpyn/Build/Products/Debug\"",
				);
				PRODUCT_NAME = "$(TARGET_NAME)";
			};
			name = Release;
		};
/* End XCBuildConfiguration section */

/* Begin XCConfigurationList section */
		924C6651142D19FE002F8F45 /* Build configuration list for PBXProject "libjoy" */ = {
			isa = XCConfigurationList;
			buildConfigurations = (
				924C6659142D19FE002F8F45 /* Debug */,
				924C665A142D19FE002F8F45 /* Release */,
			);
			defaultConfigurationIsVisible = 0;
			defaultConfigurationName = Release;
		};
		924C665B142D19FE002F8F45 /* Build configuration list for PBXNativeTarget "libjoy" */ = {
			isa = XCConfigurationList;
			buildConfigurations = (
				924C665C142D19FE002F8F45 /* Debug */,
				924C665D142D19FE002F8F45 /* Release */,
			);
			defaultConfigurationIsVisible = 0;
		};
/* End XCConfigurationList section */
	};
	rootObject = 924C664E142D19FE002F8F45 /* Project object */;
}
