// !$*UTF8*$!
{
	archiveVersion = 1;
	classes = {
	};
	objectVersion = 46;
	objects = {

/* Begin PBXBuildFile section */
		920650101BDD922300B6B7CD /* main.c in Sources */ = {isa = PBXBuildFile; fileRef = 9206500E1BDD922300B6B7CD /* main.c */; };
		920650121BDD92A200B6B7CD /* debug.c in Sources */ = {isa = PBXBuildFile; fileRef = 921B4AE61391E237005F1832 /* debug.c */; };
		920650131BDD92A200B6B7CD /* files.c in Sources */ = {isa = PBXBuildFile; fileRef = 921B4AE71391E237005F1832 /* files.c */; };
		920650141BDD92A200B6B7CD /* xctype.c in Sources */ = {isa = PBXBuildFile; fileRef = 921B4AEB1391E237005F1832 /* xctype.c */; };
		920650151BDD92A200B6B7CD /* libkey.c in Sources */ = {isa = PBXBuildFile; fileRef = 92F5824D15DC29A90004297D /* libkey.c */; };
		920650161BDD92A200B6B7CD /* mod_key.c in Sources */ = {isa = PBXBuildFile; fileRef = 92F5825115DC29A90004297D /* mod_key.c */; };
		920650171BDD92A200B6B7CD /* bgload.c in Sources */ = {isa = PBXBuildFile; fileRef = 927DAC6E152BCFD70057F110 /* bgload.c */; };
		920650181BDD92A200B6B7CD /* libblit.c in Sources */ = {isa = PBXBuildFile; fileRef = 92976B8613BD29CE00CAECB5 /* libblit.c */; };
		920650191BDD92A200B6B7CD /* g_blit.c in Sources */ = {isa = PBXBuildFile; fileRef = 921B495C1391D8A3005F1832 /* g_blit.c */; };
		9206501A1BDD92A200B6B7CD /* g_pixel.c in Sources */ = {isa = PBXBuildFile; fileRef = 921B495E1391D8A3005F1832 /* g_pixel.c */; };
		9206501B1BDD92A200B6B7CD /* libdraw.c in Sources */ = {isa = PBXBuildFile; fileRef = 921B49641391D8A3005F1832 /* libdraw.c */; };
		9206501C1BDD92A200B6B7CD /* libfont.c in Sources */ = {isa = PBXBuildFile; fileRef = 921B49671391D8A3005F1832 /* libfont.c */; };
		9206501D1BDD92A200B6B7CD /* g_bitmap.c in Sources */ = {isa = PBXBuildFile; fileRef = 921B496C1391D8A3005F1832 /* g_bitmap.c */; };
		9206501E1BDD92A200B6B7CD /* g_blendop.c in Sources */ = {isa = PBXBuildFile; fileRef = 921B496E1391D8A3005F1832 /* g_blendop.c */; };
		9206501F1BDD92A200B6B7CD /* g_clear.c in Sources */ = {isa = PBXBuildFile; fileRef = 921B49701391D8A3005F1832 /* g_clear.c */; };
		920650201BDD92A200B6B7CD /* g_conversion.c in Sources */ = {isa = PBXBuildFile; fileRef = 921B49721391D8A3005F1832 /* g_conversion.c */; };
		920650211BDD92A200B6B7CD /* g_grlib.c in Sources */ = {isa = PBXBuildFile; fileRef = 921B49741391D8A3005F1832 /* g_grlib.c */; };
		920650221BDD92A200B6B7CD /* g_pal.c in Sources */ = {isa = PBXBuildFile; fileRef = 921B49761391D8A3005F1832 /* g_pal.c */; };
		920650231BDD92A200B6B7CD /* libgrbase.c in Sources */ = {isa = PBXBuildFile; fileRef = 921B49791391D8A3005F1832 /* libgrbase.c */; };
		920650241BDD92A200B6B7CD /* libjoy.c in Sources */ = {isa = PBXBuildFile; fileRef = 921B49821391D8A3005F1832 /* libjoy.c */; };
		920650251BDD92A200B6B7CD /* libmouse.c in Sources */ = {isa = PBXBuildFile; fileRef = 921B498A1391D8A3005F1832 /* libmouse.c */; };
		920650261BDD92A200B6B7CD /* g_fade.c in Sources */ = {isa = PBXBuildFile; fileRef = 921B498D1391D8A3005F1832 /* g_fade.c */; };
		920650271BDD92A200B6B7CD /* g_frame.c in Sources */ = {isa = PBXBuildFile; fileRef = 921B498F1391D8A3005F1832 /* g_frame.c */; };
		920650281BDD92A200B6B7CD /* g_instance.c in Sources */ = {isa = PBXBuildFile; fileRef = 921B49911391D8A3005F1832 /* g_instance.c */; };
		920650291BDD92A200B6B7CD /* g_object.c in Sources */ = {isa = PBXBuildFile; fileRef = 921B49931391D8A3005F1832 /* g_object.c */; };
		9206502A1BDD92A200B6B7CD /* g_rects.c in Sources */ = {isa = PBXBuildFile; fileRef = 921B49951391D8A3005F1832 /* g_rects.c */; };
		9206502B1BDD92A200B6B7CD /* g_screen.c in Sources */ = {isa = PBXBuildFile; fileRef = 921B49971391D8A3005F1832 /* g_screen.c */; };
		9206502C1BDD92A200B6B7CD /* librender.c in Sources */ = {isa = PBXBuildFile; fileRef = 921B49991391D8A3005F1832 /* librender.c */; };
		9206502D1BDD92A200B6B7CD /* libscroll.c in Sources */ = {isa = PBXBuildFile; fileRef = 921B49A61391D8A3005F1832 /* libscroll.c */; };
		9206502E1BDD92A200B6B7CD /* libsdlhandler.c in Sources */ = {isa = PBXBuildFile; fileRef = 921B49AA1391D8A3005F1832 /* libsdlhandler.c */; };
		9206502F1BDD92A200B6B7CD /* libtext.c in Sources */ = {isa = PBXBuildFile; fileRef = 921B49AD1391D8A3005F1832 /* libtext.c */; };
		920650301BDD92A200B6B7CD /* g_regions.c in Sources */ = {isa = PBXBuildFile; fileRef = 921B49B11391D8A3005F1832 /* g_regions.c */; };
		920650311BDD92A200B6B7CD /* g_video.c in Sources */ = {isa = PBXBuildFile; fileRef = 921B49B31391D8A3005F1832 /* g_video.c */; };
		920650321BDD92A200B6B7CD /* libwm.c in Sources */ = {isa = PBXBuildFile; fileRef = 921B49B81391D8A3005F1832 /* libwm.c */; };
		920650331BDD92A200B6B7CD /* mod_blendop.c in Sources */ = {isa = PBXBuildFile; fileRef = 921B49BB1391D8A3005F1832 /* mod_blendop.c */; };
		920650341BDD92A200B6B7CD /* mod_dir.c in Sources */ = {isa = PBXBuildFile; fileRef = 921B49D91391D8A4005F1832 /* mod_dir.c */; };
		920650351BDD92A200B6B7CD /* mod_draw.c in Sources */ = {isa = PBXBuildFile; fileRef = 921B49DC1391D8A4005F1832 /* mod_draw.c */; };
		920650361BDD92A200B6B7CD /* mod_file.c in Sources */ = {isa = PBXBuildFile; fileRef = 921B49E61391D8A4005F1832 /* mod_file.c */; };
		920650371BDD92A200B6B7CD /* mod_grproc.c in Sources */ = {isa = PBXBuildFile; fileRef = 921B49ED1391D8A4005F1832 /* mod_grproc.c */; };
		920650381BDD92A200B6B7CD /* mod_joy.c in Sources */ = {isa = PBXBuildFile; fileRef = 921B49F61391D8A4005F1832 /* mod_joy.c */; };
		920650391BDD92A200B6B7CD /* file_fnt.c in Sources */ = {isa = PBXBuildFile; fileRef = 921B49FF1391D8A4005F1832 /* file_fnt.c */; };
		9206503A1BDD92A200B6B7CD /* file_fpg.c in Sources */ = {isa = PBXBuildFile; fileRef = 921B4A001391D8A4005F1832 /* file_fpg.c */; };
		9206503B1BDD92A200B6B7CD /* file_map.c in Sources */ = {isa = PBXBuildFile; fileRef = 921B4A011391D8A4005F1832 /* file_map.c */; };
		9206503C1BDD92A200B6B7CD /* file_pal.c in Sources */ = {isa = PBXBuildFile; fileRef = 921B4A021391D8A4005F1832 /* file_pal.c */; };
		9206503D1BDD92A200B6B7CD /* file_pcx.c in Sources */ = {isa = PBXBuildFile; fileRef = 921B4A031391D8A4005F1832 /* file_pcx.c */; };
		9206503E1BDD92A200B6B7CD /* file_png.c in Sources */ = {isa = PBXBuildFile; fileRef = 921B4A041391D8A4005F1832 /* file_png.c */; };
		9206503F1BDD92A200B6B7CD /* mod_map.c in Sources */ = {isa = PBXBuildFile; fileRef = 921B4A051391D8A4005F1832 /* mod_map.c */; };
		920650401BDD92A200B6B7CD /* mod_math.c in Sources */ = {isa = PBXBuildFile; fileRef = 921B4A091391D8A4005F1832 /* mod_math.c */; };
		920650411BDD92A200B6B7CD /* mod_mem.c in Sources */ = {isa = PBXBuildFile; fileRef = 921B4A0F1391D8A4005F1832 /* mod_mem.c */; };
		920650421BDD92A200B6B7CD /* mod_multi.c in Sources */ = {isa = PBXBuildFile; fileRef = 92307D461461F1B00011C04E /* mod_multi.c */; };
		920650431BDD92A200B6B7CD /* mod_path.c in Sources */ = {isa = PBXBuildFile; fileRef = 921B4A141391D8A4005F1832 /* mod_path.c */; };
		920650441BDD92A200B6B7CD /* mod_proc.c in Sources */ = {isa = PBXBuildFile; fileRef = 921B4A171391D8A4005F1832 /* mod_proc.c */; };
		920650451BDD92A200B6B7CD /* mod_rand.c in Sources */ = {isa = PBXBuildFile; fileRef = 921B4A1A1391D8A4005F1832 /* mod_rand.c */; };
		920650481BDD92A200B6B7CD /* mod_say.c in Sources */ = {isa = PBXBuildFile; fileRef = 921B4A221391D8A4005F1832 /* mod_say.c */; };
		920650491BDD92A200B6B7CD /* mod_screen.c in Sources */ = {isa = PBXBuildFile; fileRef = 921B4A251391D8A4005F1832 /* mod_screen.c */; };
		9206504A1BDD92A200B6B7CD /* mod_scroll.c in Sources */ = {isa = PBXBuildFile; fileRef = 921B4A281391D8A4005F1832 /* mod_scroll.c */; };
		9206504B1BDD92A200B6B7CD /* mod_sort.c in Sources */ = {isa = PBXBuildFile; fileRef = 921B4A2B1391D8A4005F1832 /* mod_sort.c */; };
		9206504C1BDD92A200B6B7CD /* mod_sound.c in Sources */ = {isa = PBXBuildFile; fileRef = 921B4A2E1391D8A4005F1832 /* mod_sound.c */; };
		9206504D1BDD92A200B6B7CD /* mod_string.c in Sources */ = {isa = PBXBuildFile; fileRef = 921B4A361391D8A4005F1832 /* mod_string.c */; };
		9206504E1BDD92A200B6B7CD /* mod_sys.c in Sources */ = {isa = PBXBuildFile; fileRef = 921B4A391391D8A4005F1832 /* mod_sys.c */; };
		9206504F1BDD92A200B6B7CD /* mod_text.c in Sources */ = {isa = PBXBuildFile; fileRef = 921B4A3C1391D8A4005F1832 /* mod_text.c */; };
		920650501BDD92A200B6B7CD /* mod_time.c in Sources */ = {isa = PBXBuildFile; fileRef = 921B4A3F1391D8A4005F1832 /* mod_time.c */; };
		920650511BDD92A200B6B7CD /* mod_timers.c in Sources */ = {isa = PBXBuildFile; fileRef = 921B4A421391D8A4005F1832 /* mod_timers.c */; };
		920650521BDD92A200B6B7CD /* mod_video.c in Sources */ = {isa = PBXBuildFile; fileRef = 921B4A451391D8A4005F1832 /* mod_video.c */; };
		920650531BDD92A200B6B7CD /* mod_wm.c in Sources */ = {isa = PBXBuildFile; fileRef = 921B4A481391D8A4005F1832 /* mod_wm.c */; };
		920650541BDD92A200B6B7CD /* fmath.c in Sources */ = {isa = PBXBuildFile; fileRef = 923C7EDD1794721400E88B25 /* fmath.c */; };
		920650551BDD92A200B6B7CD /* copy.c in Sources */ = {isa = PBXBuildFile; fileRef = 921B49201391D866005F1832 /* copy.c */; };
		920650561BDD92A200B6B7CD /* dcbr.c in Sources */ = {isa = PBXBuildFile; fileRef = 921B49211391D866005F1832 /* dcbr.c */; };
		920650571BDD92A200B6B7CD /* dirs.c in Sources */ = {isa = PBXBuildFile; fileRef = 921B49221391D866005F1832 /* dirs.c */; };
		920650581BDD92A200B6B7CD /* instance.c in Sources */ = {isa = PBXBuildFile; fileRef = 921B49231391D866005F1832 /* instance.c */; };
		920650591BDD92A200B6B7CD /* interpreter.c in Sources */ = {isa = PBXBuildFile; fileRef = 921B49241391D866005F1832 /* interpreter.c */; };
		9206505A1BDD92A200B6B7CD /* misc.c in Sources */ = {isa = PBXBuildFile; fileRef = 921B49251391D866005F1832 /* misc.c */; };
		9206505B1BDD92A200B6B7CD /* strings.c in Sources */ = {isa = PBXBuildFile; fileRef = 921B49261391D866005F1832 /* strings.c */; };
		9206505C1BDD92A200B6B7CD /* sysprocs.c in Sources */ = {isa = PBXBuildFile; fileRef = 921B49271391D866005F1832 /* sysprocs.c */; };
		9206505D1BDD92A200B6B7CD /* varspace_file.c in Sources */ = {isa = PBXBuildFile; fileRef = 921B49281391D866005F1832 /* varspace_file.c */; };
		920650641BDD92E400B6B7CD /* libpng.a in Frameworks */ = {isa = PBXBuildFile; fileRef = 920C06A6152BBF0C001BDE54 /* libpng.a */; };
		920650651BDD92E400B6B7CD /* libSDL2_mixer.a in Frameworks */ = {isa = PBXBuildFile; fileRef = 923C7E9617946AE200E88B25 /* libSDL2_mixer.a */; };
		920650661BDD92E400B6B7CD /* libSDL2.a in Frameworks */ = {isa = PBXBuildFile; fileRef = 923C7E9017946ACF00E88B25 /* libSDL2.a */; };
		9206507F1BDD94B900B6B7CD /* OpenGLES.framework in Frameworks */ = {isa = PBXBuildFile; fileRef = 921B481F1391CE07005F1832 /* OpenGLES.framework */; };
		920650891BDD952E00B6B7CD /* AudioToolbox.framework in Frameworks */ = {isa = PBXBuildFile; fileRef = 921B48E51391D4F6005F1832 /* AudioToolbox.framework */; };
		9206508A1BDD953700B6B7CD /* QuartzCore.framework in Frameworks */ = {isa = PBXBuildFile; fileRef = 921B481D1391CE07005F1832 /* QuartzCore.framework */; };
		9206508B1BDD954600B6B7CD /* CoreGraphics.framework in Frameworks */ = {isa = PBXBuildFile; fileRef = 921B481B1391CE07005F1832 /* CoreGraphics.framework */; };
		9206508C1BDD954D00B6B7CD /* UIKit.framework in Frameworks */ = {isa = PBXBuildFile; fileRef = 921B48171391CE07005F1832 /* UIKit.framework */; };
		9206508D1BDD956000B6B7CD /* Foundation.framework in Frameworks */ = {isa = PBXBuildFile; fileRef = 921B48191391CE07005F1832 /* Foundation.framework */; };
		9206508E1BDD957000B6B7CD /* CoreAudio.framework in Frameworks */ = {isa = PBXBuildFile; fileRef = 921B48E71391D52C005F1832 /* CoreAudio.framework */; };
		9206509A1BDD95CC00B6B7CD /* mod_debug.c in Sources */ = {isa = PBXBuildFile; fileRef = 920650951BDD95CC00B6B7CD /* mod_debug.c */; };
		9206509C1BDD95CC00B6B7CD /* systexts.c in Sources */ = {isa = PBXBuildFile; fileRef = 920650981BDD95CC00B6B7CD /* systexts.c */; };
		920650A81BDD962000B6B7CD /* mod_gamecontroller.c in Sources */ = {isa = PBXBuildFile; fileRef = 920650A41BDD962000B6B7CD /* mod_gamecontroller.c */; };
		920650B21BDD972C00B6B7CD /* CoreMotion.framework in Frameworks */ = {isa = PBXBuildFile; fileRef = 920650B11BDD972C00B6B7CD /* CoreMotion.framework */; };
		920650C11BDD989800B6B7CD /* font.fnt in Resources */ = {isa = PBXBuildFile; fileRef = 920650BD1BDD989800B6B7CD /* font.fnt */; };
		920650C21BDD989800B6B7CD /* PixTudio_iOS.dcb in Resources */ = {isa = PBXBuildFile; fileRef = 920650BE1BDD989800B6B7CD /* PixTudio_iOS.dcb */; };
		920650C31BDD989800B6B7CD /* PixTudio_iOS.prg in Resources */ = {isa = PBXBuildFile; fileRef = 920650BF1BDD989800B6B7CD /* PixTudio_iOS.prg */; };
		920650C41BDD989800B6B7CD /* text.txt in Resources */ = {isa = PBXBuildFile; fileRef = 920650C01BDD989800B6B7CD /* text.txt */; };
/* End PBXBuildFile section */

/* Begin PBXContainerItemProxy section */
		9206505E1BDD92D500B6B7CD /* PBXContainerItemProxy */ = {
			isa = PBXContainerItemProxy;
			containerPortal = 923C7E8A17946ACE00E88B25 /* SDL.xcodeproj */;
			proxyType = 1;
			remoteGlobalIDString = FD6526620DE8FCCB002AD96B;
			remoteInfo = libSDL;
		};
		920650601BDD92D500B6B7CD /* PBXContainerItemProxy */ = {
			isa = PBXContainerItemProxy;
			containerPortal = 923C7E9117946AE200E88B25 /* SDL_mixer.xcodeproj */;
			proxyType = 1;
			remoteGlobalIDString = BE1FA90707AF96B2004B6283;
			remoteInfo = SDL_mixer;
		};
		920650621BDD92D500B6B7CD /* PBXContainerItemProxy */ = {
			isa = PBXContainerItemProxy;
			containerPortal = 920C069E152BBF0B001BDE54 /* libpng.xcodeproj */;
			proxyType = 1;
			remoteGlobalIDString = 920C066E152BBE27001BDE54;
			remoteInfo = libpng;
		};
		920C06A5152BBF0C001BDE54 /* PBXContainerItemProxy */ = {
			isa = PBXContainerItemProxy;
			containerPortal = 920C069E152BBF0B001BDE54 /* libpng.xcodeproj */;
			proxyType = 2;
			remoteGlobalIDString = 920C066F152BBE27001BDE54;
			remoteInfo = libpng;
		};
		9219AEDC147F23CF00A7AD83 /* PBXContainerItemProxy */ = {
			isa = PBXContainerItemProxy;
			containerPortal = 9219AED5147F23CF00A7AD83 /* libcurl.xcodeproj */;
			proxyType = 2;
			remoteGlobalIDString = 9219AC16147F1AE700A7AD83;
			remoteInfo = libcurl;
		};
		923C7E8F17946ACF00E88B25 /* PBXContainerItemProxy */ = {
			isa = PBXContainerItemProxy;
			containerPortal = 923C7E8A17946ACE00E88B25 /* SDL.xcodeproj */;
			proxyType = 2;
			remoteGlobalIDString = FD6526630DE8FCCB002AD96B;
			remoteInfo = libSDL;
		};
		923C7E9517946AE200E88B25 /* PBXContainerItemProxy */ = {
			isa = PBXContainerItemProxy;
			containerPortal = 923C7E9117946AE200E88B25 /* SDL_mixer.xcodeproj */;
			proxyType = 2;
			remoteGlobalIDString = BE1FA95407AF96B2004B6283;
			remoteInfo = "Static Library";
		};
		923C7E9D17946B2F00E88B25 /* PBXContainerItemProxy */ = {
			isa = PBXContainerItemProxy;
			containerPortal = 923C7E9717946B2E00E88B25 /* Chipmunk6.xcodeproj */;
			proxyType = 2;
			remoteGlobalIDString = D3E5F0490AA32FDE004E361B;
			remoteInfo = ChipmunkDemo;
		};
		923C7E9F17946B2F00E88B25 /* PBXContainerItemProxy */ = {
			isa = PBXContainerItemProxy;
			containerPortal = 923C7E9717946B2E00E88B25 /* Chipmunk6.xcodeproj */;
			proxyType = 2;
			remoteGlobalIDString = D34963BB0B56CAA300CAD239;
			remoteInfo = ChipmunkStatic;
		};
		923C7EA117946B2F00E88B25 /* PBXContainerItemProxy */ = {
			isa = PBXContainerItemProxy;
			containerPortal = 923C7E9717946B2E00E88B25 /* Chipmunk6.xcodeproj */;
			proxyType = 2;
			remoteGlobalIDString = D3C3787A11063B1B003EF1D9;
			remoteInfo = "ChipmunkStatic-iPhone";
		};
/* End PBXContainerItemProxy section */

/* Begin PBXFileReference section */
		92064FED1BDD8F7100B6B7CD /* PixTudio_iOS.app */ = {isa = PBXFileReference; explicitFileType = wrapper.application; includeInIndex = 0; path = PixTudio_iOS.app; sourceTree = BUILT_PRODUCTS_DIR; };
		920650041BDD8F7100B6B7CD /* Info.plist */ = {isa = PBXFileReference; lastKnownFileType = text.plist.xml; path = Info.plist; sourceTree = "<group>"; };
		9206500C1BDD922300B6B7CD /* pxtp.h */ = {isa = PBXFileReference; fileEncoding = 4; lastKnownFileType = sourcecode.c.h; path = pxtp.h; sourceTree = "<group>"; };
		9206500E1BDD922300B6B7CD /* main.c */ = {isa = PBXFileReference; fileEncoding = 4; lastKnownFileType = sourcecode.c.c; path = main.c; sourceTree = "<group>"; };
		920650671BDD92F100B6B7CD /* libz.tbd */ = {isa = PBXFileReference; lastKnownFileType = "sourcecode.text-based-dylib-definition"; name = libz.tbd; path = usr/lib/libz.tbd; sourceTree = SDKROOT; };
		920650691BDD92FA00B6B7CD /* libm.tbd */ = {isa = PBXFileReference; lastKnownFileType = "sourcecode.text-based-dylib-definition"; name = libm.tbd; path = usr/lib/libm.tbd; sourceTree = SDKROOT; };
		920650951BDD95CC00B6B7CD /* mod_debug.c */ = {isa = PBXFileReference; fileEncoding = 4; lastKnownFileType = sourcecode.c.c; path = mod_debug.c; sourceTree = "<group>"; };
		920650971BDD95CC00B6B7CD /* mod_debug_symbols.h */ = {isa = PBXFileReference; fileEncoding = 4; lastKnownFileType = sourcecode.c.h; path = mod_debug_symbols.h; sourceTree = "<group>"; };
		920650981BDD95CC00B6B7CD /* systexts.c */ = {isa = PBXFileReference; fileEncoding = 4; lastKnownFileType = sourcecode.c.c; path = systexts.c; sourceTree = "<group>"; };
		920650A41BDD962000B6B7CD /* mod_gamecontroller.c */ = {isa = PBXFileReference; fileEncoding = 4; lastKnownFileType = sourcecode.c.c; path = mod_gamecontroller.c; sourceTree = "<group>"; };
		920650A51BDD962000B6B7CD /* mod_gamecontroller.h */ = {isa = PBXFileReference; fileEncoding = 4; lastKnownFileType = sourcecode.c.h; path = mod_gamecontroller.h; sourceTree = "<group>"; };
		920650A71BDD962000B6B7CD /* mod_gamecontroller_symbols.h */ = {isa = PBXFileReference; fileEncoding = 4; lastKnownFileType = sourcecode.c.h; path = mod_gamecontroller_symbols.h; sourceTree = "<group>"; };
		920650B11BDD972C00B6B7CD /* CoreMotion.framework */ = {isa = PBXFileReference; lastKnownFileType = wrapper.framework; name = CoreMotion.framework; path = System/Library/Frameworks/CoreMotion.framework; sourceTree = SDKROOT; };
		920650BD1BDD989800B6B7CD /* font.fnt */ = {isa = PBXFileReference; lastKnownFileType = file; name = font.fnt; path = TestData/font.fnt; sourceTree = "<group>"; };
		920650BE1BDD989800B6B7CD /* PixTudio_iOS.dcb */ = {isa = PBXFileReference; lastKnownFileType = file; name = PixTudio_iOS.dcb; path = TestData/PixTudio_iOS.dcb; sourceTree = "<group>"; };
		920650BF1BDD989800B6B7CD /* PixTudio_iOS.prg */ = {isa = PBXFileReference; fileEncoding = 4; lastKnownFileType = text; name = PixTudio_iOS.prg; path = TestData/PixTudio_iOS.prg; sourceTree = "<group>"; };
		920650C01BDD989800B6B7CD /* text.txt */ = {isa = PBXFileReference; fileEncoding = 4; lastKnownFileType = text; name = text.txt; path = TestData/text.txt; sourceTree = "<group>"; };
		920C069E152BBF0B001BDE54 /* libpng.xcodeproj */ = {isa = PBXFileReference; lastKnownFileType = "wrapper.pb-project"; name = libpng.xcodeproj; path = ../../3rdparty/libpng/projects/iOS/libpng.xcodeproj; sourceTree = "<group>"; };
		9219AED5147F23CF00A7AD83 /* libcurl.xcodeproj */ = {isa = PBXFileReference; lastKnownFileType = "wrapper.pb-project"; name = libcurl.xcodeproj; path = "../../3rdparty/curl-7.23.1/iOS_project/libcurl.xcodeproj"; sourceTree = "<group>"; };
		921B48171391CE07005F1832 /* UIKit.framework */ = {isa = PBXFileReference; lastKnownFileType = wrapper.framework; name = UIKit.framework; path = System/Library/Frameworks/UIKit.framework; sourceTree = SDKROOT; };
		921B48191391CE07005F1832 /* Foundation.framework */ = {isa = PBXFileReference; lastKnownFileType = wrapper.framework; name = Foundation.framework; path = System/Library/Frameworks/Foundation.framework; sourceTree = SDKROOT; };
		921B481B1391CE07005F1832 /* CoreGraphics.framework */ = {isa = PBXFileReference; lastKnownFileType = wrapper.framework; name = CoreGraphics.framework; path = System/Library/Frameworks/CoreGraphics.framework; sourceTree = SDKROOT; };
		921B481D1391CE07005F1832 /* QuartzCore.framework */ = {isa = PBXFileReference; lastKnownFileType = wrapper.framework; name = QuartzCore.framework; path = System/Library/Frameworks/QuartzCore.framework; sourceTree = SDKROOT; };
		921B481F1391CE07005F1832 /* OpenGLES.framework */ = {isa = PBXFileReference; lastKnownFileType = wrapper.framework; name = OpenGLES.framework; path = System/Library/Frameworks/OpenGLES.framework; sourceTree = SDKROOT; };
		921B48E51391D4F6005F1832 /* AudioToolbox.framework */ = {isa = PBXFileReference; lastKnownFileType = wrapper.framework; name = AudioToolbox.framework; path = System/Library/Frameworks/AudioToolbox.framework; sourceTree = SDKROOT; };
		921B48E71391D52C005F1832 /* CoreAudio.framework */ = {isa = PBXFileReference; lastKnownFileType = wrapper.framework; name = CoreAudio.framework; path = System/Library/Frameworks/CoreAudio.framework; sourceTree = SDKROOT; };
		921B491D1391D866005F1832 /* bgdrtm.h */ = {isa = PBXFileReference; fileEncoding = 4; lastKnownFileType = sourcecode.c.h; path = bgdrtm.h; sourceTree = "<group>"; };
		921B491E1391D866005F1832 /* sysprocs_p.h */ = {isa = PBXFileReference; fileEncoding = 4; lastKnownFileType = sourcecode.c.h; path = sysprocs_p.h; sourceTree = "<group>"; };
		921B49201391D866005F1832 /* copy.c */ = {isa = PBXFileReference; fileEncoding = 4; lastKnownFileType = sourcecode.c.c; path = copy.c; sourceTree = "<group>"; };
		921B49211391D866005F1832 /* dcbr.c */ = {isa = PBXFileReference; fileEncoding = 4; lastKnownFileType = sourcecode.c.c; path = dcbr.c; sourceTree = "<group>"; };
		921B49221391D866005F1832 /* dirs.c */ = {isa = PBXFileReference; fileEncoding = 4; lastKnownFileType = sourcecode.c.c; path = dirs.c; sourceTree = "<group>"; };
		921B49231391D866005F1832 /* instance.c */ = {isa = PBXFileReference; fileEncoding = 4; lastKnownFileType = sourcecode.c.c; path = instance.c; sourceTree = "<group>"; };
		921B49241391D866005F1832 /* interpreter.c */ = {isa = PBXFileReference; fileEncoding = 4; lastKnownFileType = sourcecode.c.c; path = interpreter.c; sourceTree = "<group>"; };
		921B49251391D866005F1832 /* misc.c */ = {isa = PBXFileReference; fileEncoding = 4; lastKnownFileType = sourcecode.c.c; path = misc.c; sourceTree = "<group>"; };
		921B49261391D866005F1832 /* strings.c */ = {isa = PBXFileReference; fileEncoding = 4; lastKnownFileType = sourcecode.c.c; path = strings.c; sourceTree = "<group>"; };
		921B49271391D866005F1832 /* sysprocs.c */ = {isa = PBXFileReference; fileEncoding = 4; lastKnownFileType = sourcecode.c.c; path = sysprocs.c; sourceTree = "<group>"; };
		921B49281391D866005F1832 /* varspace_file.c */ = {isa = PBXFileReference; fileEncoding = 4; lastKnownFileType = sourcecode.c.c; path = varspace_file.c; sourceTree = "<group>"; };
		921B493A1391D891005F1832 /* arrange.h */ = {isa = PBXFileReference; fileEncoding = 4; lastKnownFileType = sourcecode.c.h; path = arrange.h; sourceTree = "<group>"; };
		921B493B1391D891005F1832 /* b_crypt.h */ = {isa = PBXFileReference; fileEncoding = 4; lastKnownFileType = sourcecode.c.h; path = b_crypt.h; sourceTree = "<group>"; };
		921B493C1391D891005F1832 /* bgdcore.h */ = {isa = PBXFileReference; fileEncoding = 4; lastKnownFileType = sourcecode.c.h; path = bgdcore.h; sourceTree = "<group>"; };
		921B493D1391D891005F1832 /* bgddl.h */ = {isa = PBXFileReference; fileEncoding = 4; lastKnownFileType = sourcecode.c.h; path = bgddl.h; sourceTree = "<group>"; };
		921B493E1391D891005F1832 /* commons_defs.h */ = {isa = PBXFileReference; fileEncoding = 4; lastKnownFileType = sourcecode.c.h; path = commons_defs.h; sourceTree = "<group>"; };
		921B493F1391D891005F1832 /* dcb.h */ = {isa = PBXFileReference; fileEncoding = 4; lastKnownFileType = sourcecode.c.h; path = dcb.h; sourceTree = "<group>"; };
		921B49401391D891005F1832 /* dirs.h */ = {isa = PBXFileReference; fileEncoding = 4; lastKnownFileType = sourcecode.c.h; path = dirs.h; sourceTree = "<group>"; };
		921B49411391D891005F1832 /* dlvaracc.h */ = {isa = PBXFileReference; fileEncoding = 4; lastKnownFileType = sourcecode.c.h; path = dlvaracc.h; sourceTree = "<group>"; };
		921B49421391D891005F1832 /* files.h */ = {isa = PBXFileReference; fileEncoding = 4; lastKnownFileType = sourcecode.c.h; path = files.h; sourceTree = "<group>"; };
		921B49431391D891005F1832 /* files_st.h */ = {isa = PBXFileReference; fileEncoding = 4; lastKnownFileType = sourcecode.c.h; path = files_st.h; sourceTree = "<group>"; };
		921B49441391D891005F1832 /* fmath.h */ = {isa = PBXFileReference; fileEncoding = 4; lastKnownFileType = sourcecode.c.h; path = fmath.h; sourceTree = "<group>"; };
		921B49451391D891005F1832 /* i_procdef.h */ = {isa = PBXFileReference; fileEncoding = 4; lastKnownFileType = sourcecode.c.h; path = i_procdef.h; sourceTree = "<group>"; };
		921B49461391D891005F1832 /* i_procdef_st.h */ = {isa = PBXFileReference; fileEncoding = 4; lastKnownFileType = sourcecode.c.h; path = i_procdef_st.h; sourceTree = "<group>"; };
		921B49471391D891005F1832 /* instance.h */ = {isa = PBXFileReference; fileEncoding = 4; lastKnownFileType = sourcecode.c.h; path = instance.h; sourceTree = "<group>"; };
		921B49481391D891005F1832 /* instance_st.h */ = {isa = PBXFileReference; fileEncoding = 4; lastKnownFileType = sourcecode.c.h; path = instance_st.h; sourceTree = "<group>"; };
		921B49491391D891005F1832 /* loadlib.h */ = {isa = PBXFileReference; fileEncoding = 4; lastKnownFileType = sourcecode.c.h; path = loadlib.h; sourceTree = "<group>"; };
		921B494A1391D891005F1832 /* monolithic_includes.h */ = {isa = PBXFileReference; fileEncoding = 4; lastKnownFileType = sourcecode.c.h; path = monolithic_includes.h; sourceTree = "<group>"; };
		921B494B1391D891005F1832 /* offsets.h */ = {isa = PBXFileReference; fileEncoding = 4; lastKnownFileType = sourcecode.c.h; path = offsets.h; sourceTree = "<group>"; };
		921B494C1391D891005F1832 /* pslang.h */ = {isa = PBXFileReference; fileEncoding = 4; lastKnownFileType = sourcecode.c.h; path = pslang.h; sourceTree = "<group>"; };
		921B494D1391D891005F1832 /* sysprocs.h */ = {isa = PBXFileReference; fileEncoding = 4; lastKnownFileType = sourcecode.c.h; path = sysprocs.h; sourceTree = "<group>"; };
		921B494E1391D891005F1832 /* sysprocs_st.h */ = {isa = PBXFileReference; fileEncoding = 4; lastKnownFileType = sourcecode.c.h; path = sysprocs_st.h; sourceTree = "<group>"; };
		921B494F1391D891005F1832 /* typedef.h */ = {isa = PBXFileReference; fileEncoding = 4; lastKnownFileType = sourcecode.c.h; path = typedef.h; sourceTree = "<group>"; };
		921B49501391D891005F1832 /* typedef_st.h */ = {isa = PBXFileReference; fileEncoding = 4; lastKnownFileType = sourcecode.c.h; path = typedef_st.h; sourceTree = "<group>"; };
		921B49511391D891005F1832 /* varspace_file.h */ = {isa = PBXFileReference; fileEncoding = 4; lastKnownFileType = sourcecode.c.h; path = varspace_file.h; sourceTree = "<group>"; };
		921B49521391D891005F1832 /* xctype.h */ = {isa = PBXFileReference; fileEncoding = 4; lastKnownFileType = sourcecode.c.h; path = xctype.h; sourceTree = "<group>"; };
		921B49531391D891005F1832 /* xctype_st.h */ = {isa = PBXFileReference; fileEncoding = 4; lastKnownFileType = sourcecode.c.h; path = xctype_st.h; sourceTree = "<group>"; };
		921B49541391D891005F1832 /* xstrings.h */ = {isa = PBXFileReference; fileEncoding = 4; lastKnownFileType = sourcecode.c.h; path = xstrings.h; sourceTree = "<group>"; };
		921B495C1391D8A3005F1832 /* g_blit.c */ = {isa = PBXFileReference; fileEncoding = 4; lastKnownFileType = sourcecode.c.c; path = g_blit.c; sourceTree = "<group>"; };
		921B495D1391D8A3005F1832 /* g_blit.h */ = {isa = PBXFileReference; fileEncoding = 4; lastKnownFileType = sourcecode.c.h; path = g_blit.h; sourceTree = "<group>"; };
		921B495E1391D8A3005F1832 /* g_pixel.c */ = {isa = PBXFileReference; fileEncoding = 4; lastKnownFileType = sourcecode.c.c; path = g_pixel.c; sourceTree = "<group>"; };
		921B495F1391D8A3005F1832 /* g_pixel.h */ = {isa = PBXFileReference; fileEncoding = 4; lastKnownFileType = sourcecode.c.h; path = g_pixel.h; sourceTree = "<group>"; };
		921B49611391D8A3005F1832 /* libblit.h */ = {isa = PBXFileReference; fileEncoding = 4; lastKnownFileType = sourcecode.c.h; path = libblit.h; sourceTree = "<group>"; };
		921B49621391D8A3005F1832 /* libblit_symbols.h */ = {isa = PBXFileReference; fileEncoding = 4; lastKnownFileType = sourcecode.c.h; path = libblit_symbols.h; sourceTree = "<group>"; };
		921B49641391D8A3005F1832 /* libdraw.c */ = {isa = PBXFileReference; fileEncoding = 4; lastKnownFileType = sourcecode.c.c; path = libdraw.c; sourceTree = "<group>"; };
		921B49651391D8A3005F1832 /* libdraw.h */ = {isa = PBXFileReference; fileEncoding = 4; lastKnownFileType = sourcecode.c.h; path = libdraw.h; sourceTree = "<group>"; };
		921B49671391D8A3005F1832 /* libfont.c */ = {isa = PBXFileReference; fileEncoding = 4; lastKnownFileType = sourcecode.c.c; path = libfont.c; sourceTree = "<group>"; };
		921B49681391D8A3005F1832 /* libfont.h */ = {isa = PBXFileReference; fileEncoding = 4; lastKnownFileType = sourcecode.c.h; path = libfont.h; sourceTree = "<group>"; };
		921B49691391D8A3005F1832 /* libfont_symbols.h */ = {isa = PBXFileReference; fileEncoding = 4; lastKnownFileType = sourcecode.c.h; path = libfont_symbols.h; sourceTree = "<group>"; };
		921B496B1391D8A3005F1832 /* bitwise_map.h */ = {isa = PBXFileReference; fileEncoding = 4; lastKnownFileType = sourcecode.c.h; path = bitwise_map.h; sourceTree = "<group>"; };
		921B496C1391D8A3005F1832 /* g_bitmap.c */ = {isa = PBXFileReference; fileEncoding = 4; lastKnownFileType = sourcecode.c.c; path = g_bitmap.c; sourceTree = "<group>"; };
		921B496D1391D8A3005F1832 /* g_bitmap.h */ = {isa = PBXFileReference; fileEncoding = 4; lastKnownFileType = sourcecode.c.h; path = g_bitmap.h; sourceTree = "<group>"; };
		921B496E1391D8A3005F1832 /* g_blendop.c */ = {isa = PBXFileReference; fileEncoding = 4; lastKnownFileType = sourcecode.c.c; path = g_blendop.c; sourceTree = "<group>"; };
		921B496F1391D8A3005F1832 /* g_blendop.h */ = {isa = PBXFileReference; fileEncoding = 4; lastKnownFileType = sourcecode.c.h; path = g_blendop.h; sourceTree = "<group>"; };
		921B49701391D8A3005F1832 /* g_clear.c */ = {isa = PBXFileReference; fileEncoding = 4; lastKnownFileType = sourcecode.c.c; path = g_clear.c; sourceTree = "<group>"; };
		921B49711391D8A3005F1832 /* g_clear.h */ = {isa = PBXFileReference; fileEncoding = 4; lastKnownFileType = sourcecode.c.h; path = g_clear.h; sourceTree = "<group>"; };
		921B49721391D8A3005F1832 /* g_conversion.c */ = {isa = PBXFileReference; fileEncoding = 4; lastKnownFileType = sourcecode.c.c; path = g_conversion.c; sourceTree = "<group>"; };
		921B49731391D8A3005F1832 /* g_conversion.h */ = {isa = PBXFileReference; fileEncoding = 4; lastKnownFileType = sourcecode.c.h; path = g_conversion.h; sourceTree = "<group>"; };
		921B49741391D8A3005F1832 /* g_grlib.c */ = {isa = PBXFileReference; fileEncoding = 4; lastKnownFileType = sourcecode.c.c; path = g_grlib.c; sourceTree = "<group>"; };
		921B49751391D8A3005F1832 /* g_grlib.h */ = {isa = PBXFileReference; fileEncoding = 4; lastKnownFileType = sourcecode.c.h; path = g_grlib.h; sourceTree = "<group>"; };
		921B49761391D8A3005F1832 /* g_pal.c */ = {isa = PBXFileReference; fileEncoding = 4; lastKnownFileType = sourcecode.c.c; path = g_pal.c; sourceTree = "<group>"; };
		921B49771391D8A3005F1832 /* g_pal.h */ = {isa = PBXFileReference; fileEncoding = 4; lastKnownFileType = sourcecode.c.h; path = g_pal.h; sourceTree = "<group>"; };
		921B49781391D8A3005F1832 /* g_region.h */ = {isa = PBXFileReference; fileEncoding = 4; lastKnownFileType = sourcecode.c.h; path = g_region.h; sourceTree = "<group>"; };
		921B49791391D8A3005F1832 /* libgrbase.c */ = {isa = PBXFileReference; fileEncoding = 4; lastKnownFileType = sourcecode.c.c; path = libgrbase.c; sourceTree = "<group>"; };
		921B497A1391D8A3005F1832 /* libgrbase.h */ = {isa = PBXFileReference; fileEncoding = 4; lastKnownFileType = sourcecode.c.h; path = libgrbase.h; sourceTree = "<group>"; };
		921B497B1391D8A3005F1832 /* libgrbase_symbols.h */ = {isa = PBXFileReference; fileEncoding = 4; lastKnownFileType = sourcecode.c.h; path = libgrbase_symbols.h; sourceTree = "<group>"; };
		921B497C1391D8A3005F1832 /* resolution.h */ = {isa = PBXFileReference; fileEncoding = 4; lastKnownFileType = sourcecode.c.h; path = resolution.h; sourceTree = "<group>"; };
		921B49821391D8A3005F1832 /* libjoy.c */ = {isa = PBXFileReference; fileEncoding = 4; lastKnownFileType = sourcecode.c.c; path = libjoy.c; sourceTree = "<group>"; };
		921B49831391D8A3005F1832 /* libjoy.h */ = {isa = PBXFileReference; fileEncoding = 4; lastKnownFileType = sourcecode.c.h; path = libjoy.h; sourceTree = "<group>"; };
		921B49841391D8A3005F1832 /* libjoy_symbols.h */ = {isa = PBXFileReference; fileEncoding = 4; lastKnownFileType = sourcecode.c.h; path = libjoy_symbols.h; sourceTree = "<group>"; };
		921B498A1391D8A3005F1832 /* libmouse.c */ = {isa = PBXFileReference; fileEncoding = 4; lastKnownFileType = sourcecode.c.c; path = libmouse.c; sourceTree = "<group>"; };
		921B498B1391D8A3005F1832 /* libmouse_symbols.h */ = {isa = PBXFileReference; fileEncoding = 4; lastKnownFileType = sourcecode.c.h; path = libmouse_symbols.h; sourceTree = "<group>"; };
		921B498D1391D8A3005F1832 /* g_fade.c */ = {isa = PBXFileReference; fileEncoding = 4; lastKnownFileType = sourcecode.c.c; path = g_fade.c; sourceTree = "<group>"; };
		921B498E1391D8A3005F1832 /* g_fade.h */ = {isa = PBXFileReference; fileEncoding = 4; lastKnownFileType = sourcecode.c.h; path = g_fade.h; sourceTree = "<group>"; };
		921B498F1391D8A3005F1832 /* g_frame.c */ = {isa = PBXFileReference; fileEncoding = 4; lastKnownFileType = sourcecode.c.c; path = g_frame.c; sourceTree = "<group>"; };
		921B49901391D8A3005F1832 /* g_frame.h */ = {isa = PBXFileReference; fileEncoding = 4; lastKnownFileType = sourcecode.c.h; path = g_frame.h; sourceTree = "<group>"; };
		921B49911391D8A3005F1832 /* g_instance.c */ = {isa = PBXFileReference; fileEncoding = 4; lastKnownFileType = sourcecode.c.c; path = g_instance.c; sourceTree = "<group>"; };
		921B49921391D8A3005F1832 /* g_instance.h */ = {isa = PBXFileReference; fileEncoding = 4; lastKnownFileType = sourcecode.c.h; path = g_instance.h; sourceTree = "<group>"; };
		921B49931391D8A3005F1832 /* g_object.c */ = {isa = PBXFileReference; fileEncoding = 4; lastKnownFileType = sourcecode.c.c; path = g_object.c; sourceTree = "<group>"; };
		921B49941391D8A3005F1832 /* g_object.h */ = {isa = PBXFileReference; fileEncoding = 4; lastKnownFileType = sourcecode.c.h; path = g_object.h; sourceTree = "<group>"; };
		921B49951391D8A3005F1832 /* g_rects.c */ = {isa = PBXFileReference; fileEncoding = 4; lastKnownFileType = sourcecode.c.c; path = g_rects.c; sourceTree = "<group>"; };
		921B49961391D8A3005F1832 /* g_rects.h */ = {isa = PBXFileReference; fileEncoding = 4; lastKnownFileType = sourcecode.c.h; path = g_rects.h; sourceTree = "<group>"; };
		921B49971391D8A3005F1832 /* g_screen.c */ = {isa = PBXFileReference; fileEncoding = 4; lastKnownFileType = sourcecode.c.c; path = g_screen.c; sourceTree = "<group>"; };
		921B49981391D8A3005F1832 /* g_screen.h */ = {isa = PBXFileReference; fileEncoding = 4; lastKnownFileType = sourcecode.c.h; path = g_screen.h; sourceTree = "<group>"; };
		921B49991391D8A3005F1832 /* librender.c */ = {isa = PBXFileReference; fileEncoding = 4; lastKnownFileType = sourcecode.c.c; path = librender.c; sourceTree = "<group>"; };
		921B499A1391D8A3005F1832 /* librender.h */ = {isa = PBXFileReference; fileEncoding = 4; lastKnownFileType = sourcecode.c.h; path = librender.h; sourceTree = "<group>"; };
		921B499B1391D8A3005F1832 /* librender_symbols.h */ = {isa = PBXFileReference; fileEncoding = 4; lastKnownFileType = sourcecode.c.h; path = librender_symbols.h; sourceTree = "<group>"; };
		921B49A61391D8A3005F1832 /* libscroll.c */ = {isa = PBXFileReference; fileEncoding = 4; lastKnownFileType = sourcecode.c.c; path = libscroll.c; sourceTree = "<group>"; };
		921B49A71391D8A3005F1832 /* libscroll.h */ = {isa = PBXFileReference; fileEncoding = 4; lastKnownFileType = sourcecode.c.h; path = libscroll.h; sourceTree = "<group>"; };
		921B49A81391D8A3005F1832 /* libscroll_symbols.h */ = {isa = PBXFileReference; fileEncoding = 4; lastKnownFileType = sourcecode.c.h; path = libscroll_symbols.h; sourceTree = "<group>"; };
		921B49AA1391D8A3005F1832 /* libsdlhandler.c */ = {isa = PBXFileReference; fileEncoding = 4; lastKnownFileType = sourcecode.c.c; path = libsdlhandler.c; sourceTree = "<group>"; };
		921B49AB1391D8A3005F1832 /* libsdlhandler_symbols.h */ = {isa = PBXFileReference; fileEncoding = 4; lastKnownFileType = sourcecode.c.h; path = libsdlhandler_symbols.h; sourceTree = "<group>"; };
		921B49AD1391D8A3005F1832 /* libtext.c */ = {isa = PBXFileReference; fileEncoding = 4; lastKnownFileType = sourcecode.c.c; path = libtext.c; sourceTree = "<group>"; };
		921B49AE1391D8A3005F1832 /* libtext.h */ = {isa = PBXFileReference; fileEncoding = 4; lastKnownFileType = sourcecode.c.h; path = libtext.h; sourceTree = "<group>"; };
		921B49AF1391D8A3005F1832 /* libtext_symbols.h */ = {isa = PBXFileReference; fileEncoding = 4; lastKnownFileType = sourcecode.c.h; path = libtext_symbols.h; sourceTree = "<group>"; };
		921B49B11391D8A3005F1832 /* g_regions.c */ = {isa = PBXFileReference; fileEncoding = 4; lastKnownFileType = sourcecode.c.c; path = g_regions.c; sourceTree = "<group>"; };
		921B49B21391D8A3005F1832 /* g_regions.h */ = {isa = PBXFileReference; fileEncoding = 4; lastKnownFileType = sourcecode.c.h; path = g_regions.h; sourceTree = "<group>"; };
		921B49B31391D8A3005F1832 /* g_video.c */ = {isa = PBXFileReference; fileEncoding = 4; lastKnownFileType = sourcecode.c.c; path = g_video.c; sourceTree = "<group>"; };
		921B49B41391D8A3005F1832 /* g_video.h */ = {isa = PBXFileReference; fileEncoding = 4; lastKnownFileType = sourcecode.c.h; path = g_video.h; sourceTree = "<group>"; };
		921B49B51391D8A3005F1832 /* libvideo.h */ = {isa = PBXFileReference; fileEncoding = 4; lastKnownFileType = sourcecode.c.h; path = libvideo.h; sourceTree = "<group>"; };
		921B49B61391D8A3005F1832 /* libvideo_symbols.h */ = {isa = PBXFileReference; fileEncoding = 4; lastKnownFileType = sourcecode.c.h; path = libvideo_symbols.h; sourceTree = "<group>"; };
		921B49B81391D8A3005F1832 /* libwm.c */ = {isa = PBXFileReference; fileEncoding = 4; lastKnownFileType = sourcecode.c.c; path = libwm.c; sourceTree = "<group>"; };
		921B49B91391D8A3005F1832 /* libwm_symbols.h */ = {isa = PBXFileReference; fileEncoding = 4; lastKnownFileType = sourcecode.c.h; path = libwm_symbols.h; sourceTree = "<group>"; };
		921B49BB1391D8A3005F1832 /* mod_blendop.c */ = {isa = PBXFileReference; fileEncoding = 4; lastKnownFileType = sourcecode.c.c; path = mod_blendop.c; sourceTree = "<group>"; };
		921B49BC1391D8A3005F1832 /* mod_blendop_symbols.h */ = {isa = PBXFileReference; fileEncoding = 4; lastKnownFileType = sourcecode.c.h; path = mod_blendop_symbols.h; sourceTree = "<group>"; };
		921B49D91391D8A4005F1832 /* mod_dir.c */ = {isa = PBXFileReference; fileEncoding = 4; lastKnownFileType = sourcecode.c.c; path = mod_dir.c; sourceTree = "<group>"; };
		921B49DA1391D8A4005F1832 /* mod_dir_symbols.h */ = {isa = PBXFileReference; fileEncoding = 4; lastKnownFileType = sourcecode.c.h; path = mod_dir_symbols.h; sourceTree = "<group>"; };
		921B49DC1391D8A4005F1832 /* mod_draw.c */ = {isa = PBXFileReference; fileEncoding = 4; lastKnownFileType = sourcecode.c.c; path = mod_draw.c; sourceTree = "<group>"; };
		921B49DD1391D8A4005F1832 /* mod_draw_symbols.h */ = {isa = PBXFileReference; fileEncoding = 4; lastKnownFileType = sourcecode.c.h; path = mod_draw_symbols.h; sourceTree = "<group>"; };
		921B49E61391D8A4005F1832 /* mod_file.c */ = {isa = PBXFileReference; fileEncoding = 4; lastKnownFileType = sourcecode.c.c; path = mod_file.c; sourceTree = "<group>"; };
		921B49E71391D8A4005F1832 /* mod_file_symbols.h */ = {isa = PBXFileReference; fileEncoding = 4; lastKnownFileType = sourcecode.c.h; path = mod_file_symbols.h; sourceTree = "<group>"; };
		921B49ED1391D8A4005F1832 /* mod_grproc.c */ = {isa = PBXFileReference; fileEncoding = 4; lastKnownFileType = sourcecode.c.c; path = mod_grproc.c; sourceTree = "<group>"; };
		921B49EE1391D8A4005F1832 /* mod_grproc_symbols.h */ = {isa = PBXFileReference; fileEncoding = 4; lastKnownFileType = sourcecode.c.h; path = mod_grproc_symbols.h; sourceTree = "<group>"; };
		921B49F61391D8A4005F1832 /* mod_joy.c */ = {isa = PBXFileReference; fileEncoding = 4; lastKnownFileType = sourcecode.c.c; path = mod_joy.c; sourceTree = "<group>"; };
		921B49F71391D8A4005F1832 /* mod_joy_symbols.h */ = {isa = PBXFileReference; fileEncoding = 4; lastKnownFileType = sourcecode.c.h; path = mod_joy_symbols.h; sourceTree = "<group>"; };
		921B49FF1391D8A4005F1832 /* file_fnt.c */ = {isa = PBXFileReference; fileEncoding = 4; lastKnownFileType = sourcecode.c.c; path = file_fnt.c; sourceTree = "<group>"; };
		921B4A001391D8A4005F1832 /* file_fpg.c */ = {isa = PBXFileReference; fileEncoding = 4; lastKnownFileType = sourcecode.c.c; path = file_fpg.c; sourceTree = "<group>"; };
		921B4A011391D8A4005F1832 /* file_map.c */ = {isa = PBXFileReference; fileEncoding = 4; lastKnownFileType = sourcecode.c.c; path = file_map.c; sourceTree = "<group>"; };
		921B4A021391D8A4005F1832 /* file_pal.c */ = {isa = PBXFileReference; fileEncoding = 4; lastKnownFileType = sourcecode.c.c; path = file_pal.c; sourceTree = "<group>"; };
		921B4A031391D8A4005F1832 /* file_pcx.c */ = {isa = PBXFileReference; fileEncoding = 4; lastKnownFileType = sourcecode.c.c; path = file_pcx.c; sourceTree = "<group>"; };
		921B4A041391D8A4005F1832 /* file_png.c */ = {isa = PBXFileReference; fileEncoding = 4; lastKnownFileType = sourcecode.c.c; path = file_png.c; sourceTree = "<group>"; };
		921B4A051391D8A4005F1832 /* mod_map.c */ = {isa = PBXFileReference; fileEncoding = 4; lastKnownFileType = sourcecode.c.c; path = mod_map.c; sourceTree = "<group>"; };
		921B4A061391D8A4005F1832 /* mod_map.h */ = {isa = PBXFileReference; fileEncoding = 4; lastKnownFileType = sourcecode.c.h; path = mod_map.h; sourceTree = "<group>"; };
		921B4A071391D8A4005F1832 /* mod_map_symbols.h */ = {isa = PBXFileReference; fileEncoding = 4; lastKnownFileType = sourcecode.c.h; path = mod_map_symbols.h; sourceTree = "<group>"; };
		921B4A091391D8A4005F1832 /* mod_math.c */ = {isa = PBXFileReference; fileEncoding = 4; lastKnownFileType = sourcecode.c.c; path = mod_math.c; sourceTree = "<group>"; };
		921B4A0A1391D8A4005F1832 /* mod_math_symbols.h */ = {isa = PBXFileReference; fileEncoding = 4; lastKnownFileType = sourcecode.c.h; path = mod_math_symbols.h; sourceTree = "<group>"; };
		921B4A0F1391D8A4005F1832 /* mod_mem.c */ = {isa = PBXFileReference; fileEncoding = 4; lastKnownFileType = sourcecode.c.c; path = mod_mem.c; sourceTree = "<group>"; };
		921B4A101391D8A4005F1832 /* mod_mem_symbols.h */ = {isa = PBXFileReference; fileEncoding = 4; lastKnownFileType = sourcecode.c.h; path = mod_mem_symbols.h; sourceTree = "<group>"; };
		921B4A121391D8A4005F1832 /* mod_mouse_symbols.h */ = {isa = PBXFileReference; fileEncoding = 4; lastKnownFileType = sourcecode.c.h; path = mod_mouse_symbols.h; sourceTree = "<group>"; };
		921B4A141391D8A4005F1832 /* mod_path.c */ = {isa = PBXFileReference; fileEncoding = 4; lastKnownFileType = sourcecode.c.c; path = mod_path.c; sourceTree = "<group>"; };
		921B4A151391D8A4005F1832 /* mod_path_symbols.h */ = {isa = PBXFileReference; fileEncoding = 4; lastKnownFileType = sourcecode.c.h; path = mod_path_symbols.h; sourceTree = "<group>"; };
		921B4A171391D8A4005F1832 /* mod_proc.c */ = {isa = PBXFileReference; fileEncoding = 4; lastKnownFileType = sourcecode.c.c; path = mod_proc.c; sourceTree = "<group>"; };
		921B4A181391D8A4005F1832 /* mod_proc_symbols.h */ = {isa = PBXFileReference; fileEncoding = 4; lastKnownFileType = sourcecode.c.h; path = mod_proc_symbols.h; sourceTree = "<group>"; };
		921B4A1A1391D8A4005F1832 /* mod_rand.c */ = {isa = PBXFileReference; fileEncoding = 4; lastKnownFileType = sourcecode.c.c; path = mod_rand.c; sourceTree = "<group>"; };
		921B4A1B1391D8A4005F1832 /* mod_rand_symbols.h */ = {isa = PBXFileReference; fileEncoding = 4; lastKnownFileType = sourcecode.c.h; path = mod_rand_symbols.h; sourceTree = "<group>"; };
		921B4A1D1391D8A4005F1832 /* mod_regex.c */ = {isa = PBXFileReference; fileEncoding = 4; lastKnownFileType = sourcecode.c.c; path = mod_regex.c; sourceTree = "<group>"; };
		921B4A1E1391D8A4005F1832 /* mod_regex_symbols.h */ = {isa = PBXFileReference; fileEncoding = 4; lastKnownFileType = sourcecode.c.h; path = mod_regex_symbols.h; sourceTree = "<group>"; };
		921B4A1F1391D8A4005F1832 /* regex.c */ = {isa = PBXFileReference; fileEncoding = 4; lastKnownFileType = sourcecode.c.c; path = regex.c; sourceTree = "<group>"; };
		921B4A201391D8A4005F1832 /* regex.h */ = {isa = PBXFileReference; fileEncoding = 4; lastKnownFileType = sourcecode.c.h; path = regex.h; sourceTree = "<group>"; };
		921B4A221391D8A4005F1832 /* mod_say.c */ = {isa = PBXFileReference; fileEncoding = 4; lastKnownFileType = sourcecode.c.c; path = mod_say.c; sourceTree = "<group>"; };
		921B4A231391D8A4005F1832 /* mod_say_symbols.h */ = {isa = PBXFileReference; fileEncoding = 4; lastKnownFileType = sourcecode.c.h; path = mod_say_symbols.h; sourceTree = "<group>"; };
		921B4A251391D8A4005F1832 /* mod_screen.c */ = {isa = PBXFileReference; fileEncoding = 4; lastKnownFileType = sourcecode.c.c; path = mod_screen.c; sourceTree = "<group>"; };
		921B4A261391D8A4005F1832 /* mod_screen_symbols.h */ = {isa = PBXFileReference; fileEncoding = 4; lastKnownFileType = sourcecode.c.h; path = mod_screen_symbols.h; sourceTree = "<group>"; };
		921B4A281391D8A4005F1832 /* mod_scroll.c */ = {isa = PBXFileReference; fileEncoding = 4; lastKnownFileType = sourcecode.c.c; path = mod_scroll.c; sourceTree = "<group>"; };
		921B4A291391D8A4005F1832 /* mod_scroll_symbols.h */ = {isa = PBXFileReference; fileEncoding = 4; lastKnownFileType = sourcecode.c.h; path = mod_scroll_symbols.h; sourceTree = "<group>"; };
		921B4A2B1391D8A4005F1832 /* mod_sort.c */ = {isa = PBXFileReference; fileEncoding = 4; lastKnownFileType = sourcecode.c.c; path = mod_sort.c; sourceTree = "<group>"; };
		921B4A2C1391D8A4005F1832 /* mod_sort_symbols.h */ = {isa = PBXFileReference; fileEncoding = 4; lastKnownFileType = sourcecode.c.h; path = mod_sort_symbols.h; sourceTree = "<group>"; };
		921B4A2E1391D8A4005F1832 /* mod_sound.c */ = {isa = PBXFileReference; fileEncoding = 4; lastKnownFileType = sourcecode.c.c; path = mod_sound.c; sourceTree = "<group>"; };
		921B4A2F1391D8A4005F1832 /* mod_sound_symbols.h */ = {isa = PBXFileReference; fileEncoding = 4; lastKnownFileType = sourcecode.c.h; path = mod_sound_symbols.h; sourceTree = "<group>"; };
		921B4A361391D8A4005F1832 /* mod_string.c */ = {isa = PBXFileReference; fileEncoding = 4; lastKnownFileType = sourcecode.c.c; path = mod_string.c; sourceTree = "<group>"; };
		921B4A371391D8A4005F1832 /* mod_string_symbols.h */ = {isa = PBXFileReference; fileEncoding = 4; lastKnownFileType = sourcecode.c.h; path = mod_string_symbols.h; sourceTree = "<group>"; };
		921B4A391391D8A4005F1832 /* mod_sys.c */ = {isa = PBXFileReference; fileEncoding = 4; lastKnownFileType = sourcecode.c.c; path = mod_sys.c; sourceTree = "<group>"; };
		921B4A3A1391D8A4005F1832 /* mod_sys_symbols.h */ = {isa = PBXFileReference; fileEncoding = 4; lastKnownFileType = sourcecode.c.h; path = mod_sys_symbols.h; sourceTree = "<group>"; };
		921B4A3C1391D8A4005F1832 /* mod_text.c */ = {isa = PBXFileReference; fileEncoding = 4; lastKnownFileType = sourcecode.c.c; path = mod_text.c; sourceTree = "<group>"; };
		921B4A3D1391D8A4005F1832 /* mod_text_symbols.h */ = {isa = PBXFileReference; fileEncoding = 4; lastKnownFileType = sourcecode.c.h; path = mod_text_symbols.h; sourceTree = "<group>"; };
		921B4A3F1391D8A4005F1832 /* mod_time.c */ = {isa = PBXFileReference; fileEncoding = 4; lastKnownFileType = sourcecode.c.c; path = mod_time.c; sourceTree = "<group>"; };
		921B4A401391D8A4005F1832 /* mod_time_symbols.h */ = {isa = PBXFileReference; fileEncoding = 4; lastKnownFileType = sourcecode.c.h; path = mod_time_symbols.h; sourceTree = "<group>"; };
		921B4A421391D8A4005F1832 /* mod_timers.c */ = {isa = PBXFileReference; fileEncoding = 4; lastKnownFileType = sourcecode.c.c; path = mod_timers.c; sourceTree = "<group>"; };
		921B4A431391D8A4005F1832 /* mod_timers_symbols.h */ = {isa = PBXFileReference; fileEncoding = 4; lastKnownFileType = sourcecode.c.h; path = mod_timers_symbols.h; sourceTree = "<group>"; };
		921B4A451391D8A4005F1832 /* mod_video.c */ = {isa = PBXFileReference; fileEncoding = 4; lastKnownFileType = sourcecode.c.c; path = mod_video.c; sourceTree = "<group>"; };
		921B4A461391D8A4005F1832 /* mod_video_symbols.h */ = {isa = PBXFileReference; fileEncoding = 4; lastKnownFileType = sourcecode.c.h; path = mod_video_symbols.h; sourceTree = "<group>"; };
		921B4A481391D8A4005F1832 /* mod_wm.c */ = {isa = PBXFileReference; fileEncoding = 4; lastKnownFileType = sourcecode.c.c; path = mod_wm.c; sourceTree = "<group>"; };
		921B4A491391D8A4005F1832 /* mod_wm_symbols.h */ = {isa = PBXFileReference; fileEncoding = 4; lastKnownFileType = sourcecode.c.h; path = mod_wm_symbols.h; sourceTree = "<group>"; };
		921B4AE61391E237005F1832 /* debug.c */ = {isa = PBXFileReference; fileEncoding = 4; lastKnownFileType = sourcecode.c.c; path = debug.c; sourceTree = "<group>"; };
		921B4AE71391E237005F1832 /* files.c */ = {isa = PBXFileReference; fileEncoding = 4; lastKnownFileType = sourcecode.c.c; path = files.c; sourceTree = "<group>"; };
		921B4AEB1391E237005F1832 /* xctype.c */ = {isa = PBXFileReference; fileEncoding = 4; lastKnownFileType = sourcecode.c.c; path = xctype.c; sourceTree = "<group>"; };
		92307D461461F1B00011C04E /* mod_multi.c */ = {isa = PBXFileReference; fileEncoding = 4; lastKnownFileType = sourcecode.c.c; path = mod_multi.c; sourceTree = "<group>"; };
		92307D471461F1B00011C04E /* mod_multi_symbols.h */ = {isa = PBXFileReference; fileEncoding = 4; lastKnownFileType = sourcecode.c.h; path = mod_multi_symbols.h; sourceTree = "<group>"; };
		923C7E8A17946ACE00E88B25 /* SDL.xcodeproj */ = {isa = PBXFileReference; lastKnownFileType = "wrapper.pb-project"; name = SDL.xcodeproj; path = "../../3rdparty/SDL/Xcode-iOS/SDL/SDL.xcodeproj"; sourceTree = "<group>"; };
		923C7E9117946AE200E88B25 /* SDL_mixer.xcodeproj */ = {isa = PBXFileReference; lastKnownFileType = "wrapper.pb-project"; name = SDL_mixer.xcodeproj; path = "../../3rdparty/SDL_mixer/Xcode-iOS/SDL_mixer.xcodeproj"; sourceTree = "<group>"; };
		923C7E9717946B2E00E88B25 /* Chipmunk6.xcodeproj */ = {isa = PBXFileReference; lastKnownFileType = "wrapper.pb-project"; name = Chipmunk6.xcodeproj; path = "../../3rdparty/Chipmunk-6.1.3/xcode/Chipmunk6.xcodeproj"; sourceTree = "<group>"; };
		923C7EDD1794721400E88B25 /* fmath.c */ = {isa = PBXFileReference; fileEncoding = 4; lastKnownFileType = sourcecode.c.c; path = fmath.c; sourceTree = "<group>"; };
		927DAC6E152BCFD70057F110 /* bgload.c */ = {isa = PBXFileReference; fileEncoding = 4; lastKnownFileType = sourcecode.c.c; path = bgload.c; sourceTree = "<group>"; };
		927DAC6F152BCFD70057F110 /* bgload.h */ = {isa = PBXFileReference; fileEncoding = 4; lastKnownFileType = sourcecode.c.h; path = bgload.h; sourceTree = "<group>"; };
		928C17B61BDD8BDA00B1CDE8 /* OpenAL.framework */ = {isa = PBXFileReference; lastKnownFileType = wrapper.framework; name = OpenAL.framework; path = System/Library/Frameworks/OpenAL.framework; sourceTree = SDKROOT; };
		92976B8613BD29CE00CAECB5 /* libblit.c */ = {isa = PBXFileReference; fileEncoding = 4; lastKnownFileType = sourcecode.c.c; path = libblit.c; sourceTree = "<group>"; };
		92F5824D15DC29A90004297D /* libkey.c */ = {isa = PBXFileReference; fileEncoding = 4; lastKnownFileType = sourcecode.c.c; path = libkey.c; sourceTree = "<group>"; };
		92F5824E15DC29A90004297D /* libkey.h */ = {isa = PBXFileReference; fileEncoding = 4; lastKnownFileType = sourcecode.c.h; path = libkey.h; sourceTree = "<group>"; };
		92F5824F15DC29A90004297D /* libkey_symbols.h */ = {isa = PBXFileReference; fileEncoding = 4; lastKnownFileType = sourcecode.c.h; path = libkey_symbols.h; sourceTree = "<group>"; };
		92F5825115DC29A90004297D /* mod_key.c */ = {isa = PBXFileReference; fileEncoding = 4; lastKnownFileType = sourcecode.c.c; path = mod_key.c; sourceTree = "<group>"; };
		92F5825215DC29A90004297D /* mod_key_symbols.h */ = {isa = PBXFileReference; fileEncoding = 4; lastKnownFileType = sourcecode.c.h; path = mod_key_symbols.h; sourceTree = "<group>"; };
/* End PBXFileReference section */

/* Begin PBXFrameworksBuildPhase section */
		92064FEA1BDD8F7100B6B7CD /* Frameworks */ = {
			isa = PBXFrameworksBuildPhase;
			buildActionMask = 2147483647;
			files = (
				920650B21BDD972C00B6B7CD /* CoreMotion.framework in Frameworks */,
				9206508E1BDD957000B6B7CD /* CoreAudio.framework in Frameworks */,
				9206508D1BDD956000B6B7CD /* Foundation.framework in Frameworks */,
				9206508C1BDD954D00B6B7CD /* UIKit.framework in Frameworks */,
				9206508B1BDD954600B6B7CD /* CoreGraphics.framework in Frameworks */,
				9206508A1BDD953700B6B7CD /* QuartzCore.framework in Frameworks */,
				920650891BDD952E00B6B7CD /* AudioToolbox.framework in Frameworks */,
				9206507F1BDD94B900B6B7CD /* OpenGLES.framework in Frameworks */,
				920650641BDD92E400B6B7CD /* libpng.a in Frameworks */,
				920650651BDD92E400B6B7CD /* libSDL2_mixer.a in Frameworks */,
				920650661BDD92E400B6B7CD /* libSDL2.a in Frameworks */,
			);
			runOnlyForDeploymentPostprocessing = 0;
		};
/* End PBXFrameworksBuildPhase section */

/* Begin PBXGroup section */
		92064FEE1BDD8F7100B6B7CD /* PixTudio_iOS */ = {
			isa = PBXGroup;
			children = (
				920650041BDD8F7100B6B7CD /* Info.plist */,
				92064FEF1BDD8F7100B6B7CD /* Supporting Files */,
			);
			path = PixTudio_iOS;
			sourceTree = "<group>";
		};
		92064FEF1BDD8F7100B6B7CD /* Supporting Files */ = {
			isa = PBXGroup;
			children = (
			);
			name = "Supporting Files";
			sourceTree = "<group>";
		};
		9206500A1BDD922300B6B7CD /* pxtp */ = {
			isa = PBXGroup;
			children = (
				9206500B1BDD922300B6B7CD /* include */,
				9206500D1BDD922300B6B7CD /* src */,
			);
			name = pxtp;
			path = ../../core/pxtp;
			sourceTree = "<group>";
		};
		9206500B1BDD922300B6B7CD /* include */ = {
			isa = PBXGroup;
			children = (
				9206500C1BDD922300B6B7CD /* pxtp.h */,
			);
			path = include;
			sourceTree = "<group>";
		};
		9206500D1BDD922300B6B7CD /* src */ = {
			isa = PBXGroup;
			children = (
				9206500E1BDD922300B6B7CD /* main.c */,
			);
			path = src;
			sourceTree = "<group>";
		};
		920650941BDD95CC00B6B7CD /* mod_debug */ = {
			isa = PBXGroup;
			children = (
				920650951BDD95CC00B6B7CD /* mod_debug.c */,
				920650971BDD95CC00B6B7CD /* mod_debug_symbols.h */,
				920650981BDD95CC00B6B7CD /* systexts.c */,
			);
			path = mod_debug;
			sourceTree = "<group>";
		};
		920650A31BDD962000B6B7CD /* mod_gamecontroller */ = {
			isa = PBXGroup;
			children = (
				920650A41BDD962000B6B7CD /* mod_gamecontroller.c */,
				920650A51BDD962000B6B7CD /* mod_gamecontroller.h */,
				920650A71BDD962000B6B7CD /* mod_gamecontroller_symbols.h */,
			);
			path = mod_gamecontroller;
			sourceTree = "<group>";
		};
		92098DE913A5313000F70BC2 /* External dependencies */ = {
			isa = PBXGroup;
			children = (
			);
			name = "External dependencies";
			sourceTree = "<group>";
		};
		920C069F152BBF0B001BDE54 /* Products */ = {
			isa = PBXGroup;
			children = (
				920C06A6152BBF0C001BDE54 /* libpng.a */,
			);
			name = Products;
			sourceTree = "<group>";
		};
		9219AED6147F23CF00A7AD83 /* Products */ = {
			isa = PBXGroup;
			children = (
				9219AEDD147F23CF00A7AD83 /* libcurl.a */,
			);
			name = Products;
			sourceTree = "<group>";
		};
		921B48081391CE07005F1832 = {
			isa = PBXGroup;
			children = (
				923C7E8A17946ACE00E88B25 /* SDL.xcodeproj */,
				923C7E9117946AE200E88B25 /* SDL_mixer.xcodeproj */,
				923C7E9717946B2E00E88B25 /* Chipmunk6.xcodeproj */,
				920C069E152BBF0B001BDE54 /* libpng.xcodeproj */,
				9219AED5147F23CF00A7AD83 /* libcurl.xcodeproj */,
				921B4AE41391E237005F1832 /* common */,
				9206500A1BDD922300B6B7CD /* pxtp */,
				921B49551391D8A3005F1832 /* modules */,
				921B49391391D891005F1832 /* include */,
				921B49131391D866005F1832 /* bgdrtm */,
				92064FEE1BDD8F7100B6B7CD /* PixTudio_iOS */,
				921B48161391CE07005F1832 /* Frameworks */,
				921B48141391CE07005F1832 /* Products */,
				92C5D40013BE98FC00CA43D0 /* Game Resources */,
				92098DE913A5313000F70BC2 /* External dependencies */,
			);
			sourceTree = "<group>";
		};
		921B48141391CE07005F1832 /* Products */ = {
			isa = PBXGroup;
			children = (
				92064FED1BDD8F7100B6B7CD /* PixTudio_iOS.app */,
			);
			name = Products;
			sourceTree = "<group>";
		};
		921B48161391CE07005F1832 /* Frameworks */ = {
			isa = PBXGroup;
			children = (
				920650B11BDD972C00B6B7CD /* CoreMotion.framework */,
				920650691BDD92FA00B6B7CD /* libm.tbd */,
				920650671BDD92F100B6B7CD /* libz.tbd */,
				928C17B61BDD8BDA00B1CDE8 /* OpenAL.framework */,
				921B48E71391D52C005F1832 /* CoreAudio.framework */,
				921B48E51391D4F6005F1832 /* AudioToolbox.framework */,
				921B48171391CE07005F1832 /* UIKit.framework */,
				921B48191391CE07005F1832 /* Foundation.framework */,
				921B481B1391CE07005F1832 /* CoreGraphics.framework */,
				921B481D1391CE07005F1832 /* QuartzCore.framework */,
				921B481F1391CE07005F1832 /* OpenGLES.framework */,
			);
			name = Frameworks;
			sourceTree = "<group>";
		};
		921B49131391D866005F1832 /* bgdrtm */ = {
			isa = PBXGroup;
			children = (
				921B491C1391D866005F1832 /* include */,
				921B491F1391D866005F1832 /* src */,
			);
			name = bgdrtm;
			path = ../../core/bgdrtm;
			sourceTree = "<group>";
		};
		921B491C1391D866005F1832 /* include */ = {
			isa = PBXGroup;
			children = (
				921B491D1391D866005F1832 /* bgdrtm.h */,
				921B491E1391D866005F1832 /* sysprocs_p.h */,
			);
			path = include;
			sourceTree = "<group>";
		};
		921B491F1391D866005F1832 /* src */ = {
			isa = PBXGroup;
			children = (
				923C7EDD1794721400E88B25 /* fmath.c */,
				921B49201391D866005F1832 /* copy.c */,
				921B49211391D866005F1832 /* dcbr.c */,
				921B49221391D866005F1832 /* dirs.c */,
				921B49231391D866005F1832 /* instance.c */,
				921B49241391D866005F1832 /* interpreter.c */,
				921B49251391D866005F1832 /* misc.c */,
				921B49261391D866005F1832 /* strings.c */,
				921B49271391D866005F1832 /* sysprocs.c */,
				921B49281391D866005F1832 /* varspace_file.c */,
			);
			path = src;
			sourceTree = "<group>";
		};
		921B49391391D891005F1832 /* include */ = {
			isa = PBXGroup;
			children = (
				921B493A1391D891005F1832 /* arrange.h */,
				921B493B1391D891005F1832 /* b_crypt.h */,
				921B493C1391D891005F1832 /* bgdcore.h */,
				921B493D1391D891005F1832 /* bgddl.h */,
				921B493E1391D891005F1832 /* commons_defs.h */,
				921B493F1391D891005F1832 /* dcb.h */,
				921B49401391D891005F1832 /* dirs.h */,
				921B49411391D891005F1832 /* dlvaracc.h */,
				921B49421391D891005F1832 /* files.h */,
				921B49431391D891005F1832 /* files_st.h */,
				921B49441391D891005F1832 /* fmath.h */,
				921B49451391D891005F1832 /* i_procdef.h */,
				921B49461391D891005F1832 /* i_procdef_st.h */,
				921B49471391D891005F1832 /* instance.h */,
				921B49481391D891005F1832 /* instance_st.h */,
				921B49491391D891005F1832 /* loadlib.h */,
				921B494A1391D891005F1832 /* monolithic_includes.h */,
				921B494B1391D891005F1832 /* offsets.h */,
				921B494C1391D891005F1832 /* pslang.h */,
				921B494D1391D891005F1832 /* sysprocs.h */,
				921B494E1391D891005F1832 /* sysprocs_st.h */,
				921B494F1391D891005F1832 /* typedef.h */,
				921B49501391D891005F1832 /* typedef_st.h */,
				921B49511391D891005F1832 /* varspace_file.h */,
				921B49521391D891005F1832 /* xctype.h */,
				921B49531391D891005F1832 /* xctype_st.h */,
				921B49541391D891005F1832 /* xstrings.h */,
			);
			name = include;
			path = ../../core/include;
			sourceTree = "<group>";
		};
		921B49551391D8A3005F1832 /* modules */ = {
			isa = PBXGroup;
			children = (
				927DAC6D152BCFD70057F110 /* libbgload */,
				921B495A1391D8A3005F1832 /* libblit */,
				921B49631391D8A3005F1832 /* libdraw */,
				921B49661391D8A3005F1832 /* libfont */,
				921B496A1391D8A3005F1832 /* libgrbase */,
				921B497D1391D8A3005F1832 /* libjoy */,
				92F5824C15DC29A90004297D /* libkey */,
				921B49891391D8A3005F1832 /* libmouse */,
				921B498C1391D8A3005F1832 /* librender */,
				921B49A51391D8A3005F1832 /* libscroll */,
				921B49A91391D8A3005F1832 /* libsdlhandler */,
				921B49AC1391D8A3005F1832 /* libtext */,
				921B49B01391D8A3005F1832 /* libvideo */,
				921B49B71391D8A3005F1832 /* libwm */,
				921B49BA1391D8A3005F1832 /* mod_blendop */,
				920650941BDD95CC00B6B7CD /* mod_debug */,
				921B49D81391D8A4005F1832 /* mod_dir */,
				921B49DB1391D8A4005F1832 /* mod_draw */,
				921B49E51391D8A4005F1832 /* mod_file */,
				920650A31BDD962000B6B7CD /* mod_gamecontroller */,
				921B49EC1391D8A4005F1832 /* mod_grproc */,
				921B49F51391D8A4005F1832 /* mod_joy */,
				92F5825015DC29A90004297D /* mod_key */,
				921B49FE1391D8A4005F1832 /* mod_map */,
				921B4A081391D8A4005F1832 /* mod_math */,
				921B4A0E1391D8A4005F1832 /* mod_mem */,
				921B4A111391D8A4005F1832 /* mod_mouse */,
				92307D451461F1B00011C04E /* mod_multi */,
				921B4A131391D8A4005F1832 /* mod_path */,
				921B4A161391D8A4005F1832 /* mod_proc */,
				921B4A191391D8A4005F1832 /* mod_rand */,
				921B4A1C1391D8A4005F1832 /* mod_regex */,
				921B4A211391D8A4005F1832 /* mod_say */,
				921B4A241391D8A4005F1832 /* mod_screen */,
				921B4A271391D8A4005F1832 /* mod_scroll */,
				921B4A2A1391D8A4005F1832 /* mod_sort */,
				921B4A2D1391D8A4005F1832 /* mod_sound */,
				921B4A351391D8A4005F1832 /* mod_string */,
				921B4A381391D8A4005F1832 /* mod_sys */,
				921B4A3B1391D8A4005F1832 /* mod_text */,
				921B4A3E1391D8A4005F1832 /* mod_time */,
				921B4A411391D8A4005F1832 /* mod_timers */,
				921B4A441391D8A4005F1832 /* mod_video */,
				921B4A471391D8A4005F1832 /* mod_wm */,
			);
			name = modules;
			path = ../../modules;
			sourceTree = "<group>";
		};
		921B495A1391D8A3005F1832 /* libblit */ = {
			isa = PBXGroup;
			children = (
				92976B8613BD29CE00CAECB5 /* libblit.c */,
				921B495C1391D8A3005F1832 /* g_blit.c */,
				921B495D1391D8A3005F1832 /* g_blit.h */,
				921B495E1391D8A3005F1832 /* g_pixel.c */,
				921B495F1391D8A3005F1832 /* g_pixel.h */,
				921B49611391D8A3005F1832 /* libblit.h */,
				921B49621391D8A3005F1832 /* libblit_symbols.h */,
			);
			path = libblit;
			sourceTree = "<group>";
		};
		921B49631391D8A3005F1832 /* libdraw */ = {
			isa = PBXGroup;
			children = (
				921B49641391D8A3005F1832 /* libdraw.c */,
				921B49651391D8A3005F1832 /* libdraw.h */,
			);
			path = libdraw;
			sourceTree = "<group>";
		};
		921B49661391D8A3005F1832 /* libfont */ = {
			isa = PBXGroup;
			children = (
				921B49671391D8A3005F1832 /* libfont.c */,
				921B49681391D8A3005F1832 /* libfont.h */,
				921B49691391D8A3005F1832 /* libfont_symbols.h */,
			);
			path = libfont;
			sourceTree = "<group>";
		};
		921B496A1391D8A3005F1832 /* libgrbase */ = {
			isa = PBXGroup;
			children = (
				921B496B1391D8A3005F1832 /* bitwise_map.h */,
				921B496C1391D8A3005F1832 /* g_bitmap.c */,
				921B496D1391D8A3005F1832 /* g_bitmap.h */,
				921B496E1391D8A3005F1832 /* g_blendop.c */,
				921B496F1391D8A3005F1832 /* g_blendop.h */,
				921B49701391D8A3005F1832 /* g_clear.c */,
				921B49711391D8A3005F1832 /* g_clear.h */,
				921B49721391D8A3005F1832 /* g_conversion.c */,
				921B49731391D8A3005F1832 /* g_conversion.h */,
				921B49741391D8A3005F1832 /* g_grlib.c */,
				921B49751391D8A3005F1832 /* g_grlib.h */,
				921B49761391D8A3005F1832 /* g_pal.c */,
				921B49771391D8A3005F1832 /* g_pal.h */,
				921B49781391D8A3005F1832 /* g_region.h */,
				921B49791391D8A3005F1832 /* libgrbase.c */,
				921B497A1391D8A3005F1832 /* libgrbase.h */,
				921B497B1391D8A3005F1832 /* libgrbase_symbols.h */,
				921B497C1391D8A3005F1832 /* resolution.h */,
			);
			path = libgrbase;
			sourceTree = "<group>";
		};
		921B497D1391D8A3005F1832 /* libjoy */ = {
			isa = PBXGroup;
			children = (
				921B49821391D8A3005F1832 /* libjoy.c */,
				921B49831391D8A3005F1832 /* libjoy.h */,
				921B49841391D8A3005F1832 /* libjoy_symbols.h */,
			);
			path = libjoy;
			sourceTree = "<group>";
		};
		921B49891391D8A3005F1832 /* libmouse */ = {
			isa = PBXGroup;
			children = (
				921B498A1391D8A3005F1832 /* libmouse.c */,
				921B498B1391D8A3005F1832 /* libmouse_symbols.h */,
			);
			path = libmouse;
			sourceTree = "<group>";
		};
		921B498C1391D8A3005F1832 /* librender */ = {
			isa = PBXGroup;
			children = (
				921B498D1391D8A3005F1832 /* g_fade.c */,
				921B498E1391D8A3005F1832 /* g_fade.h */,
				921B498F1391D8A3005F1832 /* g_frame.c */,
				921B49901391D8A3005F1832 /* g_frame.h */,
				921B49911391D8A3005F1832 /* g_instance.c */,
				921B49921391D8A3005F1832 /* g_instance.h */,
				921B49931391D8A3005F1832 /* g_object.c */,
				921B49941391D8A3005F1832 /* g_object.h */,
				921B49951391D8A3005F1832 /* g_rects.c */,
				921B49961391D8A3005F1832 /* g_rects.h */,
				921B49971391D8A3005F1832 /* g_screen.c */,
				921B49981391D8A3005F1832 /* g_screen.h */,
				921B49991391D8A3005F1832 /* librender.c */,
				921B499A1391D8A3005F1832 /* librender.h */,
				921B499B1391D8A3005F1832 /* librender_symbols.h */,
			);
			path = librender;
			sourceTree = "<group>";
		};
		921B49A51391D8A3005F1832 /* libscroll */ = {
			isa = PBXGroup;
			children = (
				921B49A61391D8A3005F1832 /* libscroll.c */,
				921B49A71391D8A3005F1832 /* libscroll.h */,
				921B49A81391D8A3005F1832 /* libscroll_symbols.h */,
			);
			path = libscroll;
			sourceTree = "<group>";
		};
		921B49A91391D8A3005F1832 /* libsdlhandler */ = {
			isa = PBXGroup;
			children = (
				921B49AA1391D8A3005F1832 /* libsdlhandler.c */,
				921B49AB1391D8A3005F1832 /* libsdlhandler_symbols.h */,
			);
			path = libsdlhandler;
			sourceTree = "<group>";
		};
		921B49AC1391D8A3005F1832 /* libtext */ = {
			isa = PBXGroup;
			children = (
				921B49AD1391D8A3005F1832 /* libtext.c */,
				921B49AE1391D8A3005F1832 /* libtext.h */,
				921B49AF1391D8A3005F1832 /* libtext_symbols.h */,
			);
			path = libtext;
			sourceTree = "<group>";
		};
		921B49B01391D8A3005F1832 /* libvideo */ = {
			isa = PBXGroup;
			children = (
				921B49B11391D8A3005F1832 /* g_regions.c */,
				921B49B21391D8A3005F1832 /* g_regions.h */,
				921B49B31391D8A3005F1832 /* g_video.c */,
				921B49B41391D8A3005F1832 /* g_video.h */,
				921B49B51391D8A3005F1832 /* libvideo.h */,
				921B49B61391D8A3005F1832 /* libvideo_symbols.h */,
			);
			path = libvideo;
			sourceTree = "<group>";
		};
		921B49B71391D8A3005F1832 /* libwm */ = {
			isa = PBXGroup;
			children = (
				921B49B81391D8A3005F1832 /* libwm.c */,
				921B49B91391D8A3005F1832 /* libwm_symbols.h */,
			);
			path = libwm;
			sourceTree = "<group>";
		};
		921B49BA1391D8A3005F1832 /* mod_blendop */ = {
			isa = PBXGroup;
			children = (
				921B49BB1391D8A3005F1832 /* mod_blendop.c */,
				921B49BC1391D8A3005F1832 /* mod_blendop_symbols.h */,
			);
			path = mod_blendop;
			sourceTree = "<group>";
		};
		921B49D81391D8A4005F1832 /* mod_dir */ = {
			isa = PBXGroup;
			children = (
				921B49D91391D8A4005F1832 /* mod_dir.c */,
				921B49DA1391D8A4005F1832 /* mod_dir_symbols.h */,
			);
			path = mod_dir;
			sourceTree = "<group>";
		};
		921B49DB1391D8A4005F1832 /* mod_draw */ = {
			isa = PBXGroup;
			children = (
				921B49DC1391D8A4005F1832 /* mod_draw.c */,
				921B49DD1391D8A4005F1832 /* mod_draw_symbols.h */,
			);
			path = mod_draw;
			sourceTree = "<group>";
		};
		921B49E51391D8A4005F1832 /* mod_file */ = {
			isa = PBXGroup;
			children = (
				921B49E61391D8A4005F1832 /* mod_file.c */,
				921B49E71391D8A4005F1832 /* mod_file_symbols.h */,
			);
			path = mod_file;
			sourceTree = "<group>";
		};
		921B49EC1391D8A4005F1832 /* mod_grproc */ = {
			isa = PBXGroup;
			children = (
				921B49ED1391D8A4005F1832 /* mod_grproc.c */,
				921B49EE1391D8A4005F1832 /* mod_grproc_symbols.h */,
			);
			path = mod_grproc;
			sourceTree = "<group>";
		};
		921B49F51391D8A4005F1832 /* mod_joy */ = {
			isa = PBXGroup;
			children = (
				921B49F61391D8A4005F1832 /* mod_joy.c */,
				921B49F71391D8A4005F1832 /* mod_joy_symbols.h */,
			);
			path = mod_joy;
			sourceTree = "<group>";
		};
		921B49FE1391D8A4005F1832 /* mod_map */ = {
			isa = PBXGroup;
			children = (
				921B49FF1391D8A4005F1832 /* file_fnt.c */,
				921B4A001391D8A4005F1832 /* file_fpg.c */,
				921B4A011391D8A4005F1832 /* file_map.c */,
				921B4A021391D8A4005F1832 /* file_pal.c */,
				921B4A031391D8A4005F1832 /* file_pcx.c */,
				921B4A041391D8A4005F1832 /* file_png.c */,
				921B4A051391D8A4005F1832 /* mod_map.c */,
				921B4A061391D8A4005F1832 /* mod_map.h */,
				921B4A071391D8A4005F1832 /* mod_map_symbols.h */,
			);
			path = mod_map;
			sourceTree = "<group>";
		};
		921B4A081391D8A4005F1832 /* mod_math */ = {
			isa = PBXGroup;
			children = (
				921B4A091391D8A4005F1832 /* mod_math.c */,
				921B4A0A1391D8A4005F1832 /* mod_math_symbols.h */,
			);
			path = mod_math;
			sourceTree = "<group>";
		};
		921B4A0E1391D8A4005F1832 /* mod_mem */ = {
			isa = PBXGroup;
			children = (
				921B4A0F1391D8A4005F1832 /* mod_mem.c */,
				921B4A101391D8A4005F1832 /* mod_mem_symbols.h */,
			);
			path = mod_mem;
			sourceTree = "<group>";
		};
		921B4A111391D8A4005F1832 /* mod_mouse */ = {
			isa = PBXGroup;
			children = (
				921B4A121391D8A4005F1832 /* mod_mouse_symbols.h */,
			);
			path = mod_mouse;
			sourceTree = "<group>";
		};
		921B4A131391D8A4005F1832 /* mod_path */ = {
			isa = PBXGroup;
			children = (
				921B4A141391D8A4005F1832 /* mod_path.c */,
				921B4A151391D8A4005F1832 /* mod_path_symbols.h */,
			);
			path = mod_path;
			sourceTree = "<group>";
		};
		921B4A161391D8A4005F1832 /* mod_proc */ = {
			isa = PBXGroup;
			children = (
				921B4A171391D8A4005F1832 /* mod_proc.c */,
				921B4A181391D8A4005F1832 /* mod_proc_symbols.h */,
			);
			path = mod_proc;
			sourceTree = "<group>";
		};
		921B4A191391D8A4005F1832 /* mod_rand */ = {
			isa = PBXGroup;
			children = (
				921B4A1A1391D8A4005F1832 /* mod_rand.c */,
				921B4A1B1391D8A4005F1832 /* mod_rand_symbols.h */,
			);
			path = mod_rand;
			sourceTree = "<group>";
		};
		921B4A1C1391D8A4005F1832 /* mod_regex */ = {
			isa = PBXGroup;
			children = (
				921B4A1D1391D8A4005F1832 /* mod_regex.c */,
				921B4A1E1391D8A4005F1832 /* mod_regex_symbols.h */,
				921B4A1F1391D8A4005F1832 /* regex.c */,
				921B4A201391D8A4005F1832 /* regex.h */,
			);
			path = mod_regex;
			sourceTree = "<group>";
		};
		921B4A211391D8A4005F1832 /* mod_say */ = {
			isa = PBXGroup;
			children = (
				921B4A221391D8A4005F1832 /* mod_say.c */,
				921B4A231391D8A4005F1832 /* mod_say_symbols.h */,
			);
			path = mod_say;
			sourceTree = "<group>";
		};
		921B4A241391D8A4005F1832 /* mod_screen */ = {
			isa = PBXGroup;
			children = (
				921B4A251391D8A4005F1832 /* mod_screen.c */,
				921B4A261391D8A4005F1832 /* mod_screen_symbols.h */,
			);
			path = mod_screen;
			sourceTree = "<group>";
		};
		921B4A271391D8A4005F1832 /* mod_scroll */ = {
			isa = PBXGroup;
			children = (
				921B4A281391D8A4005F1832 /* mod_scroll.c */,
				921B4A291391D8A4005F1832 /* mod_scroll_symbols.h */,
			);
			path = mod_scroll;
			sourceTree = "<group>";
		};
		921B4A2A1391D8A4005F1832 /* mod_sort */ = {
			isa = PBXGroup;
			children = (
				921B4A2B1391D8A4005F1832 /* mod_sort.c */,
				921B4A2C1391D8A4005F1832 /* mod_sort_symbols.h */,
			);
			path = mod_sort;
			sourceTree = "<group>";
		};
		921B4A2D1391D8A4005F1832 /* mod_sound */ = {
			isa = PBXGroup;
			children = (
				921B4A2E1391D8A4005F1832 /* mod_sound.c */,
				921B4A2F1391D8A4005F1832 /* mod_sound_symbols.h */,
			);
			path = mod_sound;
			sourceTree = "<group>";
		};
		921B4A351391D8A4005F1832 /* mod_string */ = {
			isa = PBXGroup;
			children = (
				921B4A361391D8A4005F1832 /* mod_string.c */,
				921B4A371391D8A4005F1832 /* mod_string_symbols.h */,
			);
			path = mod_string;
			sourceTree = "<group>";
		};
		921B4A381391D8A4005F1832 /* mod_sys */ = {
			isa = PBXGroup;
			children = (
				921B4A391391D8A4005F1832 /* mod_sys.c */,
				921B4A3A1391D8A4005F1832 /* mod_sys_symbols.h */,
			);
			path = mod_sys;
			sourceTree = "<group>";
		};
		921B4A3B1391D8A4005F1832 /* mod_text */ = {
			isa = PBXGroup;
			children = (
				921B4A3C1391D8A4005F1832 /* mod_text.c */,
				921B4A3D1391D8A4005F1832 /* mod_text_symbols.h */,
			);
			path = mod_text;
			sourceTree = "<group>";
		};
		921B4A3E1391D8A4005F1832 /* mod_time */ = {
			isa = PBXGroup;
			children = (
				921B4A3F1391D8A4005F1832 /* mod_time.c */,
				921B4A401391D8A4005F1832 /* mod_time_symbols.h */,
			);
			path = mod_time;
			sourceTree = "<group>";
		};
		921B4A411391D8A4005F1832 /* mod_timers */ = {
			isa = PBXGroup;
			children = (
				921B4A421391D8A4005F1832 /* mod_timers.c */,
				921B4A431391D8A4005F1832 /* mod_timers_symbols.h */,
			);
			path = mod_timers;
			sourceTree = "<group>";
		};
		921B4A441391D8A4005F1832 /* mod_video */ = {
			isa = PBXGroup;
			children = (
				921B4A451391D8A4005F1832 /* mod_video.c */,
				921B4A461391D8A4005F1832 /* mod_video_symbols.h */,
			);
			path = mod_video;
			sourceTree = "<group>";
		};
		921B4A471391D8A4005F1832 /* mod_wm */ = {
			isa = PBXGroup;
			children = (
				921B4A481391D8A4005F1832 /* mod_wm.c */,
				921B4A491391D8A4005F1832 /* mod_wm_symbols.h */,
			);
			path = mod_wm;
			sourceTree = "<group>";
		};
		921B4AE41391E237005F1832 /* common */ = {
			isa = PBXGroup;
			children = (
				921B4AE61391E237005F1832 /* debug.c */,
				921B4AE71391E237005F1832 /* files.c */,
				921B4AEB1391E237005F1832 /* xctype.c */,
			);
			name = common;
			path = ../../core/common;
			sourceTree = "<group>";
		};
		92307D451461F1B00011C04E /* mod_multi */ = {
			isa = PBXGroup;
			children = (
				92307D461461F1B00011C04E /* mod_multi.c */,
				92307D471461F1B00011C04E /* mod_multi_symbols.h */,
			);
			path = mod_multi;
			sourceTree = "<group>";
		};
		923C7E8B17946ACE00E88B25 /* Products */ = {
			isa = PBXGroup;
			children = (
				923C7E9017946ACF00E88B25 /* libSDL2.a */,
			);
			name = Products;
			sourceTree = "<group>";
		};
		923C7E9217946AE200E88B25 /* Products */ = {
			isa = PBXGroup;
			children = (
				923C7E9617946AE200E88B25 /* libSDL2_mixer.a */,
			);
			name = Products;
			sourceTree = "<group>";
		};
		923C7E9817946B2E00E88B25 /* Products */ = {
			isa = PBXGroup;
			children = (
				923C7E9E17946B2F00E88B25 /* ChipmunkDemo.app */,
				923C7EA017946B2F00E88B25 /* libChipmunk.a */,
				923C7EA217946B2F00E88B25 /* libChipmunk-iPhone.a */,
			);
			name = Products;
			sourceTree = "<group>";
		};
		927DAC6D152BCFD70057F110 /* libbgload */ = {
			isa = PBXGroup;
			children = (
				927DAC6E152BCFD70057F110 /* bgload.c */,
				927DAC6F152BCFD70057F110 /* bgload.h */,
			);
			path = libbgload;
			sourceTree = "<group>";
		};
		92C5D40013BE98FC00CA43D0 /* Game Resources */ = {
			isa = PBXGroup;
			children = (
				920650BD1BDD989800B6B7CD /* font.fnt */,
				920650BE1BDD989800B6B7CD /* PixTudio_iOS.dcb */,
				920650BF1BDD989800B6B7CD /* PixTudio_iOS.prg */,
				920650C01BDD989800B6B7CD /* text.txt */,
			);
			name = "Game Resources";
			sourceTree = "<group>";
		};
		92F5824C15DC29A90004297D /* libkey */ = {
			isa = PBXGroup;
			children = (
				92F5824D15DC29A90004297D /* libkey.c */,
				92F5824E15DC29A90004297D /* libkey.h */,
				92F5824F15DC29A90004297D /* libkey_symbols.h */,
			);
			path = libkey;
			sourceTree = "<group>";
		};
		92F5825015DC29A90004297D /* mod_key */ = {
			isa = PBXGroup;
			children = (
				92F5825115DC29A90004297D /* mod_key.c */,
				92F5825215DC29A90004297D /* mod_key_symbols.h */,
			);
			path = mod_key;
			sourceTree = "<group>";
		};
/* End PBXGroup section */

/* Begin PBXNativeTarget section */
		92064FEC1BDD8F7100B6B7CD /* PixTudio_iOS */ = {
			isa = PBXNativeTarget;
			buildConfigurationList = 920650051BDD8F7100B6B7CD /* Build configuration list for PBXNativeTarget "PixTudio_iOS" */;
			buildPhases = (
				92064FE91BDD8F7100B6B7CD /* Sources */,
				92064FEA1BDD8F7100B6B7CD /* Frameworks */,
				92064FEB1BDD8F7100B6B7CD /* Resources */,
			);
			buildRules = (
			);
			dependencies = (
				9206505F1BDD92D500B6B7CD /* PBXTargetDependency */,
				920650611BDD92D500B6B7CD /* PBXTargetDependency */,
				920650631BDD92D500B6B7CD /* PBXTargetDependency */,
			);
			name = PixTudio_iOS;
			productName = PixTudio_iOS;
			productReference = 92064FED1BDD8F7100B6B7CD /* PixTudio_iOS.app */;
			productType = "com.apple.product-type.application";
		};
/* End PBXNativeTarget section */

/* Begin PBXProject section */
		921B480A1391CE07005F1832 /* Project object */ = {
			isa = PBXProject;
			attributes = {
				LastUpgradeCheck = 0710;
				TargetAttributes = {
					92064FEC1BDD8F7100B6B7CD = {
						CreatedOnToolsVersion = 7.1;
						DevelopmentTeam = NXP2HRK76N;
					};
				};
			};
			buildConfigurationList = 921B480D1391CE07005F1832 /* Build configuration list for PBXProject "PixTudio_iOS" */;
			compatibilityVersion = "Xcode 3.2";
			developmentRegion = English;
			hasScannedForEncodings = 0;
			knownRegions = (
				en,
				Base,
			);
			mainGroup = 921B48081391CE07005F1832;
			productRefGroup = 921B48141391CE07005F1832 /* Products */;
			projectDirPath = "";
			projectReferences = (
				{
					ProductGroup = 923C7E9817946B2E00E88B25 /* Products */;
					ProjectRef = 923C7E9717946B2E00E88B25 /* Chipmunk6.xcodeproj */;
				},
				{
					ProductGroup = 9219AED6147F23CF00A7AD83 /* Products */;
					ProjectRef = 9219AED5147F23CF00A7AD83 /* libcurl.xcodeproj */;
				},
				{
					ProductGroup = 920C069F152BBF0B001BDE54 /* Products */;
					ProjectRef = 920C069E152BBF0B001BDE54 /* libpng.xcodeproj */;
				},
				{
					ProductGroup = 923C7E8B17946ACE00E88B25 /* Products */;
					ProjectRef = 923C7E8A17946ACE00E88B25 /* SDL.xcodeproj */;
				},
				{
					ProductGroup = 923C7E9217946AE200E88B25 /* Products */;
					ProjectRef = 923C7E9117946AE200E88B25 /* SDL_mixer.xcodeproj */;
				},
			);
			projectRoot = "";
			targets = (
				92064FEC1BDD8F7100B6B7CD /* PixTudio_iOS */,
			);
		};
/* End PBXProject section */

/* Begin PBXReferenceProxy section */
		920C06A6152BBF0C001BDE54 /* libpng.a */ = {
			isa = PBXReferenceProxy;
			fileType = archive.ar;
			path = libpng.a;
			remoteRef = 920C06A5152BBF0C001BDE54 /* PBXContainerItemProxy */;
			sourceTree = BUILT_PRODUCTS_DIR;
		};
		9219AEDD147F23CF00A7AD83 /* libcurl.a */ = {
			isa = PBXReferenceProxy;
			fileType = archive.ar;
			path = libcurl.a;
			remoteRef = 9219AEDC147F23CF00A7AD83 /* PBXContainerItemProxy */;
			sourceTree = BUILT_PRODUCTS_DIR;
		};
		923C7E9017946ACF00E88B25 /* libSDL2.a */ = {
			isa = PBXReferenceProxy;
			fileType = archive.ar;
			path = libSDL2.a;
			remoteRef = 923C7E8F17946ACF00E88B25 /* PBXContainerItemProxy */;
			sourceTree = BUILT_PRODUCTS_DIR;
		};
		923C7E9617946AE200E88B25 /* libSDL2_mixer.a */ = {
			isa = PBXReferenceProxy;
			fileType = archive.ar;
			path = libSDL2_mixer.a;
			remoteRef = 923C7E9517946AE200E88B25 /* PBXContainerItemProxy */;
			sourceTree = BUILT_PRODUCTS_DIR;
		};
		923C7E9E17946B2F00E88B25 /* ChipmunkDemo.app */ = {
			isa = PBXReferenceProxy;
			fileType = wrapper.application;
			path = ChipmunkDemo.app;
			remoteRef = 923C7E9D17946B2F00E88B25 /* PBXContainerItemProxy */;
			sourceTree = BUILT_PRODUCTS_DIR;
		};
		923C7EA017946B2F00E88B25 /* libChipmunk.a */ = {
			isa = PBXReferenceProxy;
			fileType = archive.ar;
			path = libChipmunk.a;
			remoteRef = 923C7E9F17946B2F00E88B25 /* PBXContainerItemProxy */;
			sourceTree = BUILT_PRODUCTS_DIR;
		};
		923C7EA217946B2F00E88B25 /* libChipmunk-iPhone.a */ = {
			isa = PBXReferenceProxy;
			fileType = archive.ar;
			path = "libChipmunk-iPhone.a";
			remoteRef = 923C7EA117946B2F00E88B25 /* PBXContainerItemProxy */;
			sourceTree = BUILT_PRODUCTS_DIR;
		};
/* End PBXReferenceProxy section */

/* Begin PBXResourcesBuildPhase section */
		92064FEB1BDD8F7100B6B7CD /* Resources */ = {
			isa = PBXResourcesBuildPhase;
			buildActionMask = 2147483647;
			files = (
				920650C31BDD989800B6B7CD /* PixTudio_iOS.prg in Resources */,
				920650C11BDD989800B6B7CD /* font.fnt in Resources */,
				920650C21BDD989800B6B7CD /* PixTudio_iOS.dcb in Resources */,
				920650C41BDD989800B6B7CD /* text.txt in Resources */,
			);
			runOnlyForDeploymentPostprocessing = 0;
		};
/* End PBXResourcesBuildPhase section */

/* Begin PBXSourcesBuildPhase section */
		92064FE91BDD8F7100B6B7CD /* Sources */ = {
			isa = PBXSourcesBuildPhase;
			buildActionMask = 2147483647;
			files = (
				920650121BDD92A200B6B7CD /* debug.c in Sources */,
				920650131BDD92A200B6B7CD /* files.c in Sources */,
				920650141BDD92A200B6B7CD /* xctype.c in Sources */,
				920650151BDD92A200B6B7CD /* libkey.c in Sources */,
				920650161BDD92A200B6B7CD /* mod_key.c in Sources */,
				920650171BDD92A200B6B7CD /* bgload.c in Sources */,
				920650181BDD92A200B6B7CD /* libblit.c in Sources */,
				920650191BDD92A200B6B7CD /* g_blit.c in Sources */,
				9206501A1BDD92A200B6B7CD /* g_pixel.c in Sources */,
				9206501B1BDD92A200B6B7CD /* libdraw.c in Sources */,
				9206501C1BDD92A200B6B7CD /* libfont.c in Sources */,
				9206501D1BDD92A200B6B7CD /* g_bitmap.c in Sources */,
				920650A81BDD962000B6B7CD /* mod_gamecontroller.c in Sources */,
				9206501E1BDD92A200B6B7CD /* g_blendop.c in Sources */,
				9206501F1BDD92A200B6B7CD /* g_clear.c in Sources */,
				920650201BDD92A200B6B7CD /* g_conversion.c in Sources */,
				920650211BDD92A200B6B7CD /* g_grlib.c in Sources */,
				920650221BDD92A200B6B7CD /* g_pal.c in Sources */,
				920650231BDD92A200B6B7CD /* libgrbase.c in Sources */,
				920650241BDD92A200B6B7CD /* libjoy.c in Sources */,
				920650251BDD92A200B6B7CD /* libmouse.c in Sources */,
				920650261BDD92A200B6B7CD /* g_fade.c in Sources */,
				920650271BDD92A200B6B7CD /* g_frame.c in Sources */,
				920650281BDD92A200B6B7CD /* g_instance.c in Sources */,
				920650291BDD92A200B6B7CD /* g_object.c in Sources */,
				9206502A1BDD92A200B6B7CD /* g_rects.c in Sources */,
				9206502B1BDD92A200B6B7CD /* g_screen.c in Sources */,
				9206502C1BDD92A200B6B7CD /* librender.c in Sources */,
				9206502D1BDD92A200B6B7CD /* libscroll.c in Sources */,
				9206502E1BDD92A200B6B7CD /* libsdlhandler.c in Sources */,
				9206502F1BDD92A200B6B7CD /* libtext.c in Sources */,
				920650301BDD92A200B6B7CD /* g_regions.c in Sources */,
				920650311BDD92A200B6B7CD /* g_video.c in Sources */,
				920650321BDD92A200B6B7CD /* libwm.c in Sources */,
				920650331BDD92A200B6B7CD /* mod_blendop.c in Sources */,
				920650341BDD92A200B6B7CD /* mod_dir.c in Sources */,
				920650351BDD92A200B6B7CD /* mod_draw.c in Sources */,
				920650361BDD92A200B6B7CD /* mod_file.c in Sources */,
				920650371BDD92A200B6B7CD /* mod_grproc.c in Sources */,
				920650381BDD92A200B6B7CD /* mod_joy.c in Sources */,
				920650391BDD92A200B6B7CD /* file_fnt.c in Sources */,
				9206503A1BDD92A200B6B7CD /* file_fpg.c in Sources */,
				9206503B1BDD92A200B6B7CD /* file_map.c in Sources */,
				9206503C1BDD92A200B6B7CD /* file_pal.c in Sources */,
				9206503D1BDD92A200B6B7CD /* file_pcx.c in Sources */,
				9206509C1BDD95CC00B6B7CD /* systexts.c in Sources */,
				9206503E1BDD92A200B6B7CD /* file_png.c in Sources */,
				9206503F1BDD92A200B6B7CD /* mod_map.c in Sources */,
				920650401BDD92A200B6B7CD /* mod_math.c in Sources */,
				920650411BDD92A200B6B7CD /* mod_mem.c in Sources */,
				920650421BDD92A200B6B7CD /* mod_multi.c in Sources */,
				920650431BDD92A200B6B7CD /* mod_path.c in Sources */,
				920650441BDD92A200B6B7CD /* mod_proc.c in Sources */,
				920650451BDD92A200B6B7CD /* mod_rand.c in Sources */,
				920650481BDD92A200B6B7CD /* mod_say.c in Sources */,
				920650491BDD92A200B6B7CD /* mod_screen.c in Sources */,
				9206509A1BDD95CC00B6B7CD /* mod_debug.c in Sources */,
				9206504A1BDD92A200B6B7CD /* mod_scroll.c in Sources */,
				9206504B1BDD92A200B6B7CD /* mod_sort.c in Sources */,
				9206504C1BDD92A200B6B7CD /* mod_sound.c in Sources */,
				9206504D1BDD92A200B6B7CD /* mod_string.c in Sources */,
				9206504E1BDD92A200B6B7CD /* mod_sys.c in Sources */,
				9206504F1BDD92A200B6B7CD /* mod_text.c in Sources */,
				920650501BDD92A200B6B7CD /* mod_time.c in Sources */,
				920650511BDD92A200B6B7CD /* mod_timers.c in Sources */,
				920650521BDD92A200B6B7CD /* mod_video.c in Sources */,
				920650531BDD92A200B6B7CD /* mod_wm.c in Sources */,
				920650541BDD92A200B6B7CD /* fmath.c in Sources */,
				920650551BDD92A200B6B7CD /* copy.c in Sources */,
				920650561BDD92A200B6B7CD /* dcbr.c in Sources */,
				920650571BDD92A200B6B7CD /* dirs.c in Sources */,
				920650581BDD92A200B6B7CD /* instance.c in Sources */,
				920650591BDD92A200B6B7CD /* interpreter.c in Sources */,
				9206505A1BDD92A200B6B7CD /* misc.c in Sources */,
				9206505B1BDD92A200B6B7CD /* strings.c in Sources */,
				9206505C1BDD92A200B6B7CD /* sysprocs.c in Sources */,
				9206505D1BDD92A200B6B7CD /* varspace_file.c in Sources */,
				920650101BDD922300B6B7CD /* main.c in Sources */,
			);
			runOnlyForDeploymentPostprocessing = 0;
		};
/* End PBXSourcesBuildPhase section */

/* Begin PBXTargetDependency section */
		9206505F1BDD92D500B6B7CD /* PBXTargetDependency */ = {
			isa = PBXTargetDependency;
			name = libSDL;
			targetProxy = 9206505E1BDD92D500B6B7CD /* PBXContainerItemProxy */;
		};
		920650611BDD92D500B6B7CD /* PBXTargetDependency */ = {
			isa = PBXTargetDependency;
			name = SDL_mixer;
			targetProxy = 920650601BDD92D500B6B7CD /* PBXContainerItemProxy */;
		};
		920650631BDD92D500B6B7CD /* PBXTargetDependency */ = {
			isa = PBXTargetDependency;
			name = libpng;
			targetProxy = 920650621BDD92D500B6B7CD /* PBXContainerItemProxy */;
		};
/* End PBXTargetDependency section */

/* Begin XCBuildConfiguration section */
		920650061BDD8F7100B6B7CD /* Debug */ = {
			isa = XCBuildConfiguration;
			buildSettings = {
				ALWAYS_SEARCH_USER_PATHS = NO;
				ASSETCATALOG_COMPILER_APPICON_NAME = AppIcon;
				CLANG_CXX_LANGUAGE_STANDARD = "gnu++0x";
				CLANG_CXX_LIBRARY = "libc++";
				CLANG_ENABLE_MODULES = YES;
				CLANG_ENABLE_OBJC_ARC = YES;
				CLANG_WARN_BOOL_CONVERSION = YES;
				CLANG_WARN_CONSTANT_CONVERSION = YES;
				CLANG_WARN_DIRECT_OBJC_ISA_USAGE = YES_ERROR;
				CLANG_WARN_EMPTY_BODY = YES;
				CLANG_WARN_ENUM_CONVERSION = YES;
				CLANG_WARN_INT_CONVERSION = YES;
				CLANG_WARN_OBJC_ROOT_CLASS = YES_ERROR;
				CLANG_WARN_UNREACHABLE_CODE = YES;
				CLANG_WARN__DUPLICATE_METHOD_MATCH = YES;
				CODE_SIGN_IDENTITY = "iPhone Developer";
				COPY_PHASE_STRIP = NO;
				DEBUG_INFORMATION_FORMAT = "dwarf-with-dsym";
				ENABLE_STRICT_OBJC_MSGSEND = YES;
				ENABLE_TESTABILITY = YES;
				GCC_DYNAMIC_NO_PIC = NO;
				GCC_NO_COMMON_BLOCKS = YES;
				GCC_PREPROCESSOR_DEFINITIONS = (
					"DEBUG=1",
					"$(inherited)",
				);
				GCC_WARN_64_TO_32_BIT_CONVERSION = YES;
				GCC_WARN_ABOUT_RETURN_TYPE = YES_ERROR;
				GCC_WARN_UNDECLARED_SELECTOR = YES;
				GCC_WARN_UNINITIALIZED_AUTOS = YES_AGGRESSIVE;
				GCC_WARN_UNUSED_FUNCTION = YES;
				INFOPLIST_FILE = PixTudio_iOS/Info.plist;
				IPHONEOS_DEPLOYMENT_TARGET = 6.1;
				LD_RUNPATH_SEARCH_PATHS = "$(inherited) @executable_path/Frameworks";
				MTL_ENABLE_DEBUG_INFO = YES;
				OTHER_LDFLAGS = (
					"-lc++",
					"-lm",
					"-lz",
				);
				PRODUCT_BUNDLE_IDENTIFIER = "pixtudio.PixTudio-iOS";
				PRODUCT_NAME = "$(TARGET_NAME)";
				TARGETED_DEVICE_FAMILY = "1,2";
			};
			name = Debug;
		};
		920650071BDD8F7100B6B7CD /* Release */ = {
			isa = XCBuildConfiguration;
			buildSettings = {
				ALWAYS_SEARCH_USER_PATHS = NO;
				ASSETCATALOG_COMPILER_APPICON_NAME = AppIcon;
				CLANG_CXX_LANGUAGE_STANDARD = "gnu++0x";
				CLANG_CXX_LIBRARY = "libc++";
				CLANG_ENABLE_MODULES = YES;
				CLANG_ENABLE_OBJC_ARC = YES;
				CLANG_WARN_BOOL_CONVERSION = YES;
				CLANG_WARN_CONSTANT_CONVERSION = YES;
				CLANG_WARN_DIRECT_OBJC_ISA_USAGE = YES_ERROR;
				CLANG_WARN_EMPTY_BODY = YES;
				CLANG_WARN_ENUM_CONVERSION = YES;
				CLANG_WARN_INT_CONVERSION = YES;
				CLANG_WARN_OBJC_ROOT_CLASS = YES_ERROR;
				CLANG_WARN_UNREACHABLE_CODE = YES;
				CLANG_WARN__DUPLICATE_METHOD_MATCH = YES;
				CODE_SIGN_IDENTITY = "iPhone Developer";
				COPY_PHASE_STRIP = NO;
				DEBUG_INFORMATION_FORMAT = "dwarf-with-dsym";
				ENABLE_NS_ASSERTIONS = NO;
				ENABLE_STRICT_OBJC_MSGSEND = YES;
				GCC_NO_COMMON_BLOCKS = YES;
				GCC_PREPROCESSOR_DEFINITIONS = (
					"-D__MONOLITHIC__",
					"-D__BGDRTM__",
					"-D__BGI__",
					"-DVERSION='\"1.0.0\"'",
					"-DNO_MODSENSOR",
					"-DNO_MODCURL",
					"-DNO_MODCHIPMUNK",
					"-DNO_MODICONV",
					"-DNO_MODIMAGE",
					"-DNO_FSOCK",
					"-DNO_MODTHEORA",
				);
				GCC_WARN_64_TO_32_BIT_CONVERSION = YES;
				GCC_WARN_ABOUT_RETURN_TYPE = YES_ERROR;
				GCC_WARN_UNDECLARED_SELECTOR = YES;
				GCC_WARN_UNINITIALIZED_AUTOS = YES_AGGRESSIVE;
				GCC_WARN_UNUSED_FUNCTION = YES;
				INFOPLIST_FILE = PixTudio_iOS/Info.plist;
				IPHONEOS_DEPLOYMENT_TARGET = 6.1;
				LD_RUNPATH_SEARCH_PATHS = "$(inherited) @executable_path/Frameworks";
				MTL_ENABLE_DEBUG_INFO = NO;
				OTHER_LDFLAGS = (
					"-lc++",
					"-lm",
					"-lz",
				);
				PRODUCT_BUNDLE_IDENTIFIER = "pixtudio.PixTudio-iOS";
				PRODUCT_NAME = "$(TARGET_NAME)";
				TARGETED_DEVICE_FAMILY = "1,2";
				VALIDATE_PRODUCT = YES;
			};
			name = Release;
		};
		921B483D1391CE08005F1832 /* Debug */ = {
			isa = XCBuildConfiguration;
			buildSettings = {
				CODE_SIGN_IDENTITY = "iPhone Developer";
				"CODE_SIGN_IDENTITY[sdk=iphoneos*]" = "iPhone Developer";
				COMPRESS_PNG_FILES = NO;
				ENABLE_TESTABILITY = YES;
				GCC_C_LANGUAGE_STANDARD = gnu99;
				GCC_INPUT_FILETYPE = sourcecode.c.objc;
				GCC_OPTIMIZATION_LEVEL = 0;
				GCC_PREPROCESSOR_DEFINITIONS = (
					__MONOLITHIC__,
					__BGDRTM__,
					__BGI__,
					"VERSION='\"1.0.0\"'",
					NO_MODSENSOR,
					NO_MODCURL,
					NO_MODCHIPMUNK,
					NO_MODICONV,
					NO_MODIMAGE,
					NO_FSOCK,
					NO_MODTHEORA,
					NO_MODREGEX,
					WITH_SDLRWOPS,
				);
				GCC_SYMBOLS_PRIVATE_EXTERN = NO;
				GCC_WARN_ABOUT_RETURN_TYPE = YES;
				GCC_WARN_UNUSED_VARIABLE = YES;
				HEADER_SEARCH_PATHS = (
					../../core/include,
					../../core/bgdrtm/include,
					"../../modules/**",
					../../3rdparty/libpng/,
					../../3rdparty/SDL/include/,
					../../3rdparty/SDL_mixer/,
					../../3rdparty/stb/,
				);
				IPHONEOS_DEPLOYMENT_TARGET = 6.1;
				LIBRARY_SEARCH_PATHS = "";
				ONLY_ACTIVE_ARCH = YES;
				OTHER_LDFLAGS = (
					"-lm",
					"-lz",
				);
				PROVISIONING_PROFILE = "";
				SDKROOT = iphoneos;
				USER_HEADER_SEARCH_PATHS = "";
			};
			name = Debug;
		};
		921B483E1391CE08005F1832 /* Release */ = {
			isa = XCBuildConfiguration;
			buildSettings = {
				CODE_SIGN_IDENTITY = "iPhone Developer";
				"CODE_SIGN_IDENTITY[sdk=iphoneos*]" = "iPhone Developer";
				COMPRESS_PNG_FILES = NO;
				GCC_C_LANGUAGE_STANDARD = gnu99;
				GCC_INPUT_FILETYPE = sourcecode.c.objc;
				GCC_PREPROCESSOR_DEFINITIONS = (
					__MONOLITHIC__,
					__BGDRTM__,
					__BGI__,
					"VERSION='\"1.0.0\"'",
					NO_MODSENSOR,
					NO_MODCURL,
					NO_MODCHIPMUNK,
					NO_MODICONV,
					NO_MODIMAGE,
					NO_FSOCK,
					NO_MODTHEORA,
					NO_MODREGEX,
					WITH_SDLRWOPS,
				);
				GCC_WARN_ABOUT_RETURN_TYPE = YES;
				GCC_WARN_UNUSED_VARIABLE = YES;
				HEADER_SEARCH_PATHS = (
					../../core/include,
					../../core/bgdrtm/include,
					"../../modules/**",
					../../3rdparty/libpng/,
					../../3rdparty/SDL/include/,
					../../3rdparty/SDL_mixer/,
					../../3rdparty/stb/,
				);
				IPHONEOS_DEPLOYMENT_TARGET = 6.1;
				LIBRARY_SEARCH_PATHS = "";
				OTHER_CFLAGS = "-DNS_BLOCK_ASSERTIONS=1";
				OTHER_LDFLAGS = (
					"-lm",
					"-lz",
				);
				PROVISIONING_PROFILE = "";
				SDKROOT = iphoneos;
				USER_HEADER_SEARCH_PATHS = "";
			};
			name = Release;
		};
/* End XCBuildConfiguration section */

/* Begin XCConfigurationList section */
		920650051BDD8F7100B6B7CD /* Build configuration list for PBXNativeTarget "PixTudio_iOS" */ = {
			isa = XCConfigurationList;
			buildConfigurations = (
				920650061BDD8F7100B6B7CD /* Debug */,
				920650071BDD8F7100B6B7CD /* Release */,
			);
			defaultConfigurationIsVisible = 0;
			defaultConfigurationName = Release;
		};
		921B480D1391CE07005F1832 /* Build configuration list for PBXProject "PixTudio_iOS" */ = {
			isa = XCConfigurationList;
			buildConfigurations = (
				921B483D1391CE08005F1832 /* Debug */,
				921B483E1391CE08005F1832 /* Release */,
			);
			defaultConfigurationIsVisible = 0;
			defaultConfigurationName = Release;
		};
/* End XCConfigurationList section */
	};
	rootObject = 921B480A1391CE07005F1832 /* Project object */;
}
